// !$*UTF8*$!
{
	archiveVersion = 1;
	classes = {
	};
	objectVersion = 46;
	objects = {

/* Begin PBXBuildFile section */
		5CB8966C1D64C26600E64B99 /* AppDelegate.swift in Sources */ = {isa = PBXBuildFile; fileRef = 5CB8966B1D64C26600E64B99 /* AppDelegate.swift */; };
		5CB8966E1D64C26600E64B99 /* ViewController.swift in Sources */ = {isa = PBXBuildFile; fileRef = 5CB8966D1D64C26600E64B99 /* ViewController.swift */; };
		5CB896711D64C26600E64B99 /* Main.storyboard in Resources */ = {isa = PBXBuildFile; fileRef = 5CB8966F1D64C26600E64B99 /* Main.storyboard */; };
		5CB896731D64C26600E64B99 /* Assets.xcassets in Resources */ = {isa = PBXBuildFile; fileRef = 5CB896721D64C26600E64B99 /* Assets.xcassets */; };
		5CB896761D64C26600E64B99 /* LaunchScreen.storyboard in Resources */ = {isa = PBXBuildFile; fileRef = 5CB896741D64C26600E64B99 /* LaunchScreen.storyboard */; };
		5CB896811D64C26600E64B99 /* LiveFinesTests.swift in Sources */ = {isa = PBXBuildFile; fileRef = 5CB896801D64C26600E64B99 /* LiveFinesTests.swift */; };
		5CB8968C1D64C26600E64B99 /* LiveFinesUITests.swift in Sources */ = {isa = PBXBuildFile; fileRef = 5CB8968B1D64C26600E64B99 /* LiveFinesUITests.swift */; };
/* End PBXBuildFile section */

/* Begin PBXContainerItemProxy section */
		5CB8967D1D64C26600E64B99 /* PBXContainerItemProxy */ = {
			isa = PBXContainerItemProxy;
			containerPortal = 5CB896601D64C26600E64B99 /* Project object */;
			proxyType = 1;
			remoteGlobalIDString = 5CB896671D64C26600E64B99;
			remoteInfo = LiveFines;
		};
		5CB896881D64C26600E64B99 /* PBXContainerItemProxy */ = {
			isa = PBXContainerItemProxy;
			containerPortal = 5CB896601D64C26600E64B99 /* Project object */;
			proxyType = 1;
			remoteGlobalIDString = 5CB896671D64C26600E64B99;
			remoteInfo = LiveFines;
		};
/* End PBXContainerItemProxy section */

/* Begin PBXFileReference section */
		5CB896681D64C26600E64B99 /* LiveFines.app */ = {isa = PBXFileReference; explicitFileType = wrapper.application; includeInIndex = 0; path = LiveFines.app; sourceTree = BUILT_PRODUCTS_DIR; };
		5CB8966B1D64C26600E64B99 /* AppDelegate.swift */ = {isa = PBXFileReference; lastKnownFileType = sourcecode.swift; path = AppDelegate.swift; sourceTree = "<group>"; };
		5CB8966D1D64C26600E64B99 /* ViewController.swift */ = {isa = PBXFileReference; lastKnownFileType = sourcecode.swift; path = ViewController.swift; sourceTree = "<group>"; };
		5CB896701D64C26600E64B99 /* Base */ = {isa = PBXFileReference; lastKnownFileType = file.storyboard; name = Base; path = Base.lproj/Main.storyboard; sourceTree = "<group>"; };
		5CB896721D64C26600E64B99 /* Assets.xcassets */ = {isa = PBXFileReference; lastKnownFileType = folder.assetcatalog; path = Assets.xcassets; sourceTree = "<group>"; };
		5CB896751D64C26600E64B99 /* Base */ = {isa = PBXFileReference; lastKnownFileType = file.storyboard; name = Base; path = Base.lproj/LaunchScreen.storyboard; sourceTree = "<group>"; };
		5CB896771D64C26600E64B99 /* Info.plist */ = {isa = PBXFileReference; lastKnownFileType = text.plist.xml; path = Info.plist; sourceTree = "<group>"; };
		5CB8967C1D64C26600E64B99 /* LiveFinesTests.xctest */ = {isa = PBXFileReference; explicitFileType = wrapper.cfbundle; includeInIndex = 0; path = LiveFinesTests.xctest; sourceTree = BUILT_PRODUCTS_DIR; };
		5CB896801D64C26600E64B99 /* LiveFinesTests.swift */ = {isa = PBXFileReference; lastKnownFileType = sourcecode.swift; path = LiveFinesTests.swift; sourceTree = "<group>"; };
		5CB896821D64C26600E64B99 /* Info.plist */ = {isa = PBXFileReference; lastKnownFileType = text.plist.xml; path = Info.plist; sourceTree = "<group>"; };
		5CB896871D64C26600E64B99 /* LiveFinesUITests.xctest */ = {isa = PBXFileReference; explicitFileType = wrapper.cfbundle; includeInIndex = 0; path = LiveFinesUITests.xctest; sourceTree = BUILT_PRODUCTS_DIR; };
		5CB8968B1D64C26600E64B99 /* LiveFinesUITests.swift */ = {isa = PBXFileReference; lastKnownFileType = sourcecode.swift; path = LiveFinesUITests.swift; sourceTree = "<group>"; };
		5CB8968D1D64C26600E64B99 /* Info.plist */ = {isa = PBXFileReference; lastKnownFileType = text.plist.xml; path = Info.plist; sourceTree = "<group>"; };
/* End PBXFileReference section */

/* Begin PBXFrameworksBuildPhase section */
		5CB896651D64C26600E64B99 /* Frameworks */ = {
			isa = PBXFrameworksBuildPhase;
			buildActionMask = 2147483647;
			files = (
			);
			runOnlyForDeploymentPostprocessing = 0;
		};
		5CB896791D64C26600E64B99 /* Frameworks */ = {
			isa = PBXFrameworksBuildPhase;
			buildActionMask = 2147483647;
			files = (
			);
			runOnlyForDeploymentPostprocessing = 0;
		};
		5CB896841D64C26600E64B99 /* Frameworks */ = {
			isa = PBXFrameworksBuildPhase;
			buildActionMask = 2147483647;
			files = (
			);
			runOnlyForDeploymentPostprocessing = 0;
		};
/* End PBXFrameworksBuildPhase section */

/* Begin PBXGroup section */
		5CB8965F1D64C26600E64B99 = {
			isa = PBXGroup;
			children = (
				5CB8966A1D64C26600E64B99 /* LiveFines */,
				5CB8967F1D64C26600E64B99 /* LiveFinesTests */,
				5CB8968A1D64C26600E64B99 /* LiveFinesUITests */,
				5CB896691D64C26600E64B99 /* Products */,
			);
			sourceTree = "<group>";
		};
		5CB896691D64C26600E64B99 /* Products */ = {
			isa = PBXGroup;
			children = (
				5CB896681D64C26600E64B99 /* LiveFines.app */,
				5CB8967C1D64C26600E64B99 /* LiveFinesTests.xctest */,
				5CB896871D64C26600E64B99 /* LiveFinesUITests.xctest */,
			);
			name = Products;
			sourceTree = "<group>";
		};
		5CB8966A1D64C26600E64B99 /* LiveFines */ = {
			isa = PBXGroup;
			children = (
				5CB8966B1D64C26600E64B99 /* AppDelegate.swift */,
				5CB8966D1D64C26600E64B99 /* ViewController.swift */,
				5CB8966F1D64C26600E64B99 /* Main.storyboard */,
				5CB896721D64C26600E64B99 /* Assets.xcassets */,
				5CB896741D64C26600E64B99 /* LaunchScreen.storyboard */,
				5CB896771D64C26600E64B99 /* Info.plist */,
			);
			path = LiveFines;
			sourceTree = "<group>";
		};
		5CB8967F1D64C26600E64B99 /* LiveFinesTests */ = {
			isa = PBXGroup;
			children = (
				5CB896801D64C26600E64B99 /* LiveFinesTests.swift */,
				5CB896821D64C26600E64B99 /* Info.plist */,
			);
			path = LiveFinesTests;
			sourceTree = "<group>";
		};
		5CB8968A1D64C26600E64B99 /* LiveFinesUITests */ = {
			isa = PBXGroup;
			children = (
				5CB8968B1D64C26600E64B99 /* LiveFinesUITests.swift */,
				5CB8968D1D64C26600E64B99 /* Info.plist */,
			);
			path = LiveFinesUITests;
			sourceTree = "<group>";
		};
/* End PBXGroup section */

/* Begin PBXNativeTarget section */
		5CB896671D64C26600E64B99 /* LiveFines */ = {
			isa = PBXNativeTarget;
			buildConfigurationList = 5CB896901D64C26600E64B99 /* Build configuration list for PBXNativeTarget "LiveFines" */;
			buildPhases = (
				5CB896641D64C26600E64B99 /* Sources */,
				5CB896651D64C26600E64B99 /* Frameworks */,
				5CB896661D64C26600E64B99 /* Resources */,
			);
			buildRules = (
			);
			dependencies = (
			);
			name = LiveFines;
			productName = LiveFines;
			productReference = 5CB896681D64C26600E64B99 /* LiveFines.app */;
			productType = "com.apple.product-type.application";
		};
		5CB8967B1D64C26600E64B99 /* LiveFinesTests */ = {
			isa = PBXNativeTarget;
			buildConfigurationList = 5CB896931D64C26600E64B99 /* Build configuration list for PBXNativeTarget "LiveFinesTests" */;
			buildPhases = (
				5CB896781D64C26600E64B99 /* Sources */,
				5CB896791D64C26600E64B99 /* Frameworks */,
				5CB8967A1D64C26600E64B99 /* Resources */,
			);
			buildRules = (
			);
			dependencies = (
				5CB8967E1D64C26600E64B99 /* PBXTargetDependency */,
			);
			name = LiveFinesTests;
			productName = LiveFinesTests;
			productReference = 5CB8967C1D64C26600E64B99 /* LiveFinesTests.xctest */;
			productType = "com.apple.product-type.bundle.unit-test";
		};
		5CB896861D64C26600E64B99 /* LiveFinesUITests */ = {
			isa = PBXNativeTarget;
			buildConfigurationList = 5CB896961D64C26600E64B99 /* Build configuration list for PBXNativeTarget "LiveFinesUITests" */;
			buildPhases = (
				5CB896831D64C26600E64B99 /* Sources */,
				5CB896841D64C26600E64B99 /* Frameworks */,
				5CB896851D64C26600E64B99 /* Resources */,
			);
			buildRules = (
			);
			dependencies = (
				5CB896891D64C26600E64B99 /* PBXTargetDependency */,
			);
			name = LiveFinesUITests;
			productName = LiveFinesUITests;
			productReference = 5CB896871D64C26600E64B99 /* LiveFinesUITests.xctest */;
			productType = "com.apple.product-type.bundle.ui-testing";
		};
/* End PBXNativeTarget section */

/* Begin PBXProject section */
		5CB896601D64C26600E64B99 /* Project object */ = {
			isa = PBXProject;
			attributes = {
				LastSwiftUpdateCheck = 0800;
				LastUpgradeCheck = 0800;
				ORGANIZATIONNAME = "Florian Pfisterer";
				TargetAttributes = {
					5CB896671D64C26600E64B99 = {
						CreatedOnToolsVersion = 8.0;
						DevelopmentTeam = LY9X4575EQ;
						ProvisioningStyle = Automatic;
					};
					5CB8967B1D64C26600E64B99 = {
						CreatedOnToolsVersion = 8.0;
						DevelopmentTeam = LY9X4575EQ;
						ProvisioningStyle = Automatic;
						TestTargetID = 5CB896671D64C26600E64B99;
					};
					5CB896861D64C26600E64B99 = {
						CreatedOnToolsVersion = 8.0;
						DevelopmentTeam = LY9X4575EQ;
						ProvisioningStyle = Automatic;
						TestTargetID = 5CB896671D64C26600E64B99;
					};
				};
			};
			buildConfigurationList = 5CB896631D64C26600E64B99 /* Build configuration list for PBXProject "LiveFines" */;
			compatibilityVersion = "Xcode 3.2";
			developmentRegion = English;
			hasScannedForEncodings = 0;
			knownRegions = (
				en,
				Base,
			);
			mainGroup = 5CB8965F1D64C26600E64B99;
			productRefGroup = 5CB896691D64C26600E64B99 /* Products */;
			projectDirPath = "";
			projectRoot = "";
			targets = (
				5CB896671D64C26600E64B99 /* LiveFines */,
				5CB8967B1D64C26600E64B99 /* LiveFinesTests */,
				5CB896861D64C26600E64B99 /* LiveFinesUITests */,
			);
		};
/* End PBXProject section */

/* Begin PBXResourcesBuildPhase section */
		5CB896661D64C26600E64B99 /* Resources */ = {
			isa = PBXResourcesBuildPhase;
			buildActionMask = 2147483647;
			files = (
				5CB896761D64C26600E64B99 /* LaunchScreen.storyboard in Resources */,
				5CB896731D64C26600E64B99 /* Assets.xcassets in Resources */,
				5CB896711D64C26600E64B99 /* Main.storyboard in Resources */,
			);
			runOnlyForDeploymentPostprocessing = 0;
		};
		5CB8967A1D64C26600E64B99 /* Resources */ = {
			isa = PBXResourcesBuildPhase;
			buildActionMask = 2147483647;
			files = (
			);
			runOnlyForDeploymentPostprocessing = 0;
		};
		5CB896851D64C26600E64B99 /* Resources */ = {
			isa = PBXResourcesBuildPhase;
			buildActionMask = 2147483647;
			files = (
			);
			runOnlyForDeploymentPostprocessing = 0;
		};
/* End PBXResourcesBuildPhase section */

/* Begin PBXSourcesBuildPhase section */
		5CB896641D64C26600E64B99 /* Sources */ = {
			isa = PBXSourcesBuildPhase;
			buildActionMask = 2147483647;
			files = (
				5CB8966E1D64C26600E64B99 /* ViewController.swift in Sources */,
				5CB8966C1D64C26600E64B99 /* AppDelegate.swift in Sources */,
			);
			runOnlyForDeploymentPostprocessing = 0;
		};
		5CB896781D64C26600E64B99 /* Sources */ = {
			isa = PBXSourcesBuildPhase;
			buildActionMask = 2147483647;
			files = (
				5CB896811D64C26600E64B99 /* LiveFinesTests.swift in Sources */,
			);
			runOnlyForDeploymentPostprocessing = 0;
		};
		5CB896831D64C26600E64B99 /* Sources */ = {
			isa = PBXSourcesBuildPhase;
			buildActionMask = 2147483647;
			files = (
				5CB8968C1D64C26600E64B99 /* LiveFinesUITests.swift in Sources */,
			);
			runOnlyForDeploymentPostprocessing = 0;
		};
/* End PBXSourcesBuildPhase section */

/* Begin PBXTargetDependency section */
		5CB8967E1D64C26600E64B99 /* PBXTargetDependency */ = {
			isa = PBXTargetDependency;
			target = 5CB896671D64C26600E64B99 /* LiveFines */;
			targetProxy = 5CB8967D1D64C26600E64B99 /* PBXContainerItemProxy */;
		};
		5CB896891D64C26600E64B99 /* PBXTargetDependency */ = {
			isa = PBXTargetDependency;
			target = 5CB896671D64C26600E64B99 /* LiveFines */;
			targetProxy = 5CB896881D64C26600E64B99 /* PBXContainerItemProxy */;
		};
/* End PBXTargetDependency section */

/* Begin PBXVariantGroup section */
		5CB8966F1D64C26600E64B99 /* Main.storyboard */ = {
			isa = PBXVariantGroup;
			children = (
				5CB896701D64C26600E64B99 /* Base */,
			);
			name = Main.storyboard;
			sourceTree = "<group>";
		};
		5CB896741D64C26600E64B99 /* LaunchScreen.storyboard */ = {
			isa = PBXVariantGroup;
			children = (
				5CB896751D64C26600E64B99 /* Base */,
			);
			name = LaunchScreen.storyboard;
			sourceTree = "<group>";
		};
/* End PBXVariantGroup section */

/* Begin XCBuildConfiguration section */
		5CB8968E1D64C26600E64B99 /* Debug */ = {
			isa = XCBuildConfiguration;
			buildSettings = {
				ALWAYS_SEARCH_USER_PATHS = NO;
				CLANG_ANALYZER_NONNULL = YES;
				CLANG_CXX_LANGUAGE_STANDARD = "gnu++0x";
				CLANG_CXX_LIBRARY = "libc++";
				CLANG_ENABLE_MODULES = YES;
				CLANG_ENABLE_OBJC_ARC = YES;
				CLANG_WARN_BOOL_CONVERSION = YES;
				CLANG_WARN_CONSTANT_CONVERSION = YES;
				CLANG_WARN_DIRECT_OBJC_ISA_USAGE = YES_ERROR;
				CLANG_WARN_DOCUMENTATION_COMMENTS = YES;
				CLANG_WARN_EMPTY_BODY = YES;
				CLANG_WARN_ENUM_CONVERSION = YES;
				CLANG_WARN_INFINITE_RECURSION = YES;
				CLANG_WARN_INT_CONVERSION = YES;
				CLANG_WARN_OBJC_ROOT_CLASS = YES_ERROR;
				CLANG_WARN_SUSPICIOUS_MOVES = YES;
				CLANG_WARN_UNREACHABLE_CODE = YES;
				CLANG_WARN__DUPLICATE_METHOD_MATCH = YES;
				"CODE_SIGN_IDENTITY[sdk=iphoneos*]" = "iPhone Developer";
				COPY_PHASE_STRIP = NO;
				DEBUG_INFORMATION_FORMAT = dwarf;
				ENABLE_STRICT_OBJC_MSGSEND = YES;
				ENABLE_TESTABILITY = YES;
				GCC_C_LANGUAGE_STANDARD = gnu99;
				GCC_DYNAMIC_NO_PIC = NO;
				GCC_NO_COMMON_BLOCKS = YES;
				GCC_OPTIMIZATION_LEVEL = 0;
				GCC_PREPROCESSOR_DEFINITIONS = (
					"DEBUG=1",
					"$(inherited)",
				);
				GCC_WARN_64_TO_32_BIT_CONVERSION = YES;
				GCC_WARN_ABOUT_RETURN_TYPE = YES_ERROR;
				GCC_WARN_UNDECLARED_SELECTOR = YES;
				GCC_WARN_UNINITIALIZED_AUTOS = YES_AGGRESSIVE;
				GCC_WARN_UNUSED_FUNCTION = YES;
				GCC_WARN_UNUSED_VARIABLE = YES;
				IPHONEOS_DEPLOYMENT_TARGET = 10.0;
				MTL_ENABLE_DEBUG_INFO = YES;
				ONLY_ACTIVE_ARCH = YES;
				SDKROOT = iphoneos;
				SWIFT_ACTIVE_COMPILATION_CONDITIONS = DEBUG;
				SWIFT_OPTIMIZATION_LEVEL = "-Onone";
			};
			name = Debug;
		};
		5CB8968F1D64C26600E64B99 /* Release */ = {
			isa = XCBuildConfiguration;
			buildSettings = {
				ALWAYS_SEARCH_USER_PATHS = NO;
				CLANG_ANALYZER_NONNULL = YES;
				CLANG_CXX_LANGUAGE_STANDARD = "gnu++0x";
				CLANG_CXX_LIBRARY = "libc++";
				CLANG_ENABLE_MODULES = YES;
				CLANG_ENABLE_OBJC_ARC = YES;
				CLANG_WARN_BOOL_CONVERSION = YES;
				CLANG_WARN_CONSTANT_CONVERSION = YES;
				CLANG_WARN_DIRECT_OBJC_ISA_USAGE = YES_ERROR;
				CLANG_WARN_DOCUMENTATION_COMMENTS = YES;
				CLANG_WARN_EMPTY_BODY = YES;
				CLANG_WARN_ENUM_CONVERSION = YES;
				CLANG_WARN_INFINITE_RECURSION = YES;
				CLANG_WARN_INT_CONVERSION = YES;
				CLANG_WARN_OBJC_ROOT_CLASS = YES_ERROR;
				CLANG_WARN_SUSPICIOUS_MOVES = YES;
				CLANG_WARN_UNREACHABLE_CODE = YES;
				CLANG_WARN__DUPLICATE_METHOD_MATCH = YES;
				"CODE_SIGN_IDENTITY[sdk=iphoneos*]" = "iPhone Developer";
				COPY_PHASE_STRIP = NO;
				DEBUG_INFORMATION_FORMAT = "dwarf-with-dsym";
				ENABLE_NS_ASSERTIONS = NO;
				ENABLE_STRICT_OBJC_MSGSEND = YES;
				GCC_C_LANGUAGE_STANDARD = gnu99;
				GCC_NO_COMMON_BLOCKS = YES;
				GCC_WARN_64_TO_32_BIT_CONVERSION = YES;
				GCC_WARN_ABOUT_RETURN_TYPE = YES_ERROR;
				GCC_WARN_UNDECLARED_SELECTOR = YES;
				GCC_WARN_UNINITIALIZED_AUTOS = YES_AGGRESSIVE;
				GCC_WARN_UNUSED_FUNCTION = YES;
				GCC_WARN_UNUSED_VARIABLE = YES;
				IPHONEOS_DEPLOYMENT_TARGET = 10.0;
				MTL_ENABLE_DEBUG_INFO = NO;
				SDKROOT = iphoneos;
				SWIFT_OPTIMIZATION_LEVEL = "-Owholemodule";
				VALIDATE_PRODUCT = YES;
			};
			name = Release;
		};
		5CB896911D64C26600E64B99 /* Debug */ = {
			isa = XCBuildConfiguration;
			buildSettings = {
				ASSETCATALOG_COMPILER_APPICON_NAME = AppIcon;
				DEVELOPMENT_TEAM = LY9X4575EQ;
				INFOPLIST_FILE = LiveFines/Info.plist;
				LD_RUNPATH_SEARCH_PATHS = "$(inherited) @executable_path/Frameworks";
				PRODUCT_BUNDLE_IDENTIFIER = de.florianpfisterer.LiveFines;
				PRODUCT_NAME = "$(TARGET_NAME)";
				SWIFT_VERSION = 3.0;
			};
			name = Debug;
		};
		5CB896921D64C26600E64B99 /* Release */ = {
			isa = XCBuildConfiguration;
			buildSettings = {
				ASSETCATALOG_COMPILER_APPICON_NAME = AppIcon;
				DEVELOPMENT_TEAM = LY9X4575EQ;
				INFOPLIST_FILE = LiveFines/Info.plist;
				LD_RUNPATH_SEARCH_PATHS = "$(inherited) @executable_path/Frameworks";
				PRODUCT_BUNDLE_IDENTIFIER = de.florianpfisterer.LiveFines;
				PRODUCT_NAME = "$(TARGET_NAME)";
				SWIFT_VERSION = 3.0;
			};
			name = Release;
		};
		5CB896941D64C26600E64B99 /* Debug */ = {
			isa = XCBuildConfiguration;
			buildSettings = {
				BUNDLE_LOADER = "$(TEST_HOST)";
				DEVELOPMENT_TEAM = LY9X4575EQ;
				INFOPLIST_FILE = LiveFinesTests/Info.plist;
				LD_RUNPATH_SEARCH_PATHS = "$(inherited) @executable_path/Frameworks @loader_path/Frameworks";
				PRODUCT_BUNDLE_IDENTIFIER = de.florianpfisterer.LiveFinesTests;
				PRODUCT_NAME = "$(TARGET_NAME)";
				SWIFT_VERSION = 3.0;
				TEST_HOST = "$(BUILT_PRODUCTS_DIR)/LiveFines.app/LiveFines";
			};
			name = Debug;
		};
		5CB896951D64C26600E64B99 /* Release */ = {
			isa = XCBuildConfiguration;
			buildSettings = {
				BUNDLE_LOADER = "$(TEST_HOST)";
				DEVELOPMENT_TEAM = LY9X4575EQ;
				INFOPLIST_FILE = LiveFinesTests/Info.plist;
				LD_RUNPATH_SEARCH_PATHS = "$(inherited) @executable_path/Frameworks @loader_path/Frameworks";
				PRODUCT_BUNDLE_IDENTIFIER = de.florianpfisterer.LiveFinesTests;
				PRODUCT_NAME = "$(TARGET_NAME)";
				SWIFT_VERSION = 3.0;
				TEST_HOST = "$(BUILT_PRODUCTS_DIR)/LiveFines.app/LiveFines";
			};
			name = Release;
		};
		5CB896971D64C26600E64B99 /* Debug */ = {
			isa = XCBuildConfiguration;
			buildSettings = {
				DEVELOPMENT_TEAM = LY9X4575EQ;
				INFOPLIST_FILE = LiveFinesUITests/Info.plist;
				LD_RUNPATH_SEARCH_PATHS = "$(inherited) @executable_path/Frameworks @loader_path/Frameworks";
				PRODUCT_BUNDLE_IDENTIFIER = de.florianpfisterer.LiveFinesUITests;
				PRODUCT_NAME = "$(TARGET_NAME)";
				SWIFT_VERSION = 3.0;
				TEST_TARGET_NAME = LiveFines;
			};
			name = Debug;
		};
		5CB896981D64C26600E64B99 /* Release */ = {
			isa = XCBuildConfiguration;
			buildSettings = {
				DEVELOPMENT_TEAM = LY9X4575EQ;
				INFOPLIST_FILE = LiveFinesUITests/Info.plist;
				LD_RUNPATH_SEARCH_PATHS = "$(inherited) @executable_path/Frameworks @loader_path/Frameworks";
				PRODUCT_BUNDLE_IDENTIFIER = de.florianpfisterer.LiveFinesUITests;
				PRODUCT_NAME = "$(TARGET_NAME)";
				SWIFT_VERSION = 3.0;
				TEST_TARGET_NAME = LiveFines;
			};
			name = Release;
		};
/* End XCBuildConfiguration section */

/* Begin XCConfigurationList section */
		5CB896631D64C26600E64B99 /* Build configuration list for PBXProject "LiveFines" */ = {
			isa = XCConfigurationList;
			buildConfigurations = (
				5CB8968E1D64C26600E64B99 /* Debug */,
				5CB8968F1D64C26600E64B99 /* Release */,
			);
			defaultConfigurationIsVisible = 0;
			defaultConfigurationName = Release;
		};
		5CB896901D64C26600E64B99 /* Build configuration list for PBXNativeTarget "LiveFines" */ = {
			isa = XCConfigurationList;
			buildConfigurations = (
				5CB896911D64C26600E64B99 /* Debug */,
				5CB896921D64C26600E64B99 /* Release */,
			);
			defaultConfigurationIsVisible = 0;
		};
		5CB896931D64C26600E64B99 /* Build configuration list for PBXNativeTarget "LiveFinesTests" */ = {
			isa = XCConfigurationList;
			buildConfigurations = (
				5CB896941D64C26600E64B99 /* Debug */,
				5CB896951D64C26600E64B99 /* Release */,
			);
			defaultConfigurationIsVisible = 0;
		};
		5CB896961D64C26600E64B99 /* Build configuration list for PBXNativeTarget "LiveFinesUITests" */ = {
			isa = XCConfigurationList;
			buildConfigurations = (
				5CB896971D64C26600E64B99 /* Debug */,
				5CB896981D64C26600E64B99 /* Release */,
			);
			defaultConfigurationIsVisible = 0;
		};
/* End XCConfigurationList section */
	};
	rootObject = 5CB896601D64C26600E64B99 /* Project object */;
}
