// !$*UTF8*$!
{
	archiveVersion = 1;
	classes = {
	};
	objectVersion = 46;
	objects = {

/* Begin PBXBuildFile section */
		5C53D5081D683ABA00CA22BF /* PunishmentTests.swift in Sources */ = {isa = PBXBuildFile; fileRef = 5C53D5071D683ABA00CA22BF /* PunishmentTests.swift */; };
		5C53D50A1D683AD000CA22BF /* PenaltyTests.swift in Sources */ = {isa = PBXBuildFile; fileRef = 5C53D5091D683AD000CA22BF /* PenaltyTests.swift */; };
		5C53D50C1D683AFA00CA22BF /* OffenceTests.swift in Sources */ = {isa = PBXBuildFile; fileRef = 5C53D50B1D683AFA00CA22BF /* OffenceTests.swift */; };
		5C53D50F1D683B2C00CA22BF /* Test Mocks.swift in Sources */ = {isa = PBXBuildFile; fileRef = 5C53D50E1D683B2C00CA22BF /* Test Mocks.swift */; };
		5C53D5191D683FAA00CA22BF /* JSONDataProviderTests.swift in Sources */ = {isa = PBXBuildFile; fileRef = 5C53D5181D683FAA00CA22BF /* JSONDataProviderTests.swift */; };
		5C53D51B1D68405B00CA22BF /* HereMapsTest.swift in Sources */ = {isa = PBXBuildFile; fileRef = 5C53D51A1D68405B00CA22BF /* HereMapsTest.swift */; };
		5C5BD5BC1D7B0655007AED58 /* SpeedometerView.swift in Sources */ = {isa = PBXBuildFile; fileRef = 5C5BD5BB1D7B0655007AED58 /* SpeedometerView.swift */; };
		5C5BD5C31D7B0A1F007AED58 /* PunishmentView.swift in Sources */ = {isa = PBXBuildFile; fileRef = 5C5BD5C21D7B0A1F007AED58 /* PunishmentView.swift */; };
		5C5BD5C61D7B178F007AED58 /* OkayView.swift in Sources */ = {isa = PBXBuildFile; fileRef = 5C5BD5C51D7B178F007AED58 /* OkayView.swift */; };
		5C5BD5CC1D7B1CD3007AED58 /* Constants.swift in Sources */ = {isa = PBXBuildFile; fileRef = 5C5BD5CA1D7B1CD3007AED58 /* Constants.swift */; };
		5C5BD5CD1D7B1CD3007AED58 /* Localization.swift in Sources */ = {isa = PBXBuildFile; fileRef = 5C5BD5CB1D7B1CD3007AED58 /* Localization.swift */; };
		5C90F6321D7B027B00AF733E /* Assets.xcassets in Resources */ = {isa = PBXBuildFile; fileRef = 5C90F5FD1D7B027B00AF733E /* Assets.xcassets */; };
		5C90F6331D7B027B00AF733E /* Alertifiable.swift in Sources */ = {isa = PBXBuildFile; fileRef = 5C90F5FF1D7B027B00AF733E /* Alertifiable.swift */; };
		5C90F6341D7B027B00AF733E /* APIAccessInformation.swift in Sources */ = {isa = PBXBuildFile; fileRef = 5C90F6001D7B027B00AF733E /* APIAccessInformation.swift */; };
		5C90F6351D7B027B00AF733E /* AppDelegate.swift in Sources */ = {isa = PBXBuildFile; fileRef = 5C90F6011D7B027B00AF733E /* AppDelegate.swift */; };
		5C90F6371D7B027B00AF733E /* Country.swift in Sources */ = {isa = PBXBuildFile; fileRef = 5C90F6031D7B027B00AF733E /* Country.swift */; };
		5C90F6381D7B027B00AF733E /* Database.swift in Sources */ = {isa = PBXBuildFile; fileRef = 5C90F6041D7B027B00AF733E /* Database.swift */; };
		5C90F6391D7B027B00AF733E /* DataProvider.swift in Sources */ = {isa = PBXBuildFile; fileRef = 5C90F6051D7B027B00AF733E /* DataProvider.swift */; };
		5C90F63A1D7B027B00AF733E /* DrivingViewController.swift in Sources */ = {isa = PBXBuildFile; fileRef = 5C90F6061D7B027B00AF733E /* DrivingViewController.swift */; };
		5C90F63B1D7B027B00AF733E /* Foundation Extensions.swift in Sources */ = {isa = PBXBuildFile; fileRef = 5C90F6071D7B027B00AF733E /* Foundation Extensions.swift */; };
		5C90F63C1D7B027B00AF733E /* Functions.swift in Sources */ = {isa = PBXBuildFile; fileRef = 5C90F6081D7B027B00AF733E /* Functions.swift */; };
		5C90F63D1D7B027B00AF733E /* Germany.swift in Sources */ = {isa = PBXBuildFile; fileRef = 5C90F6091D7B027B00AF733E /* Germany.swift */; };
		5C90F63E1D7B027B00AF733E /* HereAPIAccessInformation.swift in Sources */ = {isa = PBXBuildFile; fileRef = 5C90F60A1D7B027B00AF733E /* HereAPIAccessInformation.swift */; };
		5C90F63F1D7B027B00AF733E /* HereJSONDataProvider.swift in Sources */ = {isa = PBXBuildFile; fileRef = 5C90F60B1D7B027B00AF733E /* HereJSONDataProvider.swift */; };
		5C90F6401D7B027B00AF733E /* HereSpeedLimit.swift in Sources */ = {isa = PBXBuildFile; fileRef = 5C90F60C1D7B027B00AF733E /* HereSpeedLimit.swift */; };
		5C90F6411D7B027B00AF733E /* JSONDataProvider.swift in Sources */ = {isa = PBXBuildFile; fileRef = 5C90F60D1D7B027B00AF733E /* JSONDataProvider.swift */; };
		5C90F6421D7B027B00AF733E /* LFError.swift in Sources */ = {isa = PBXBuildFile; fileRef = 5C90F60E1D7B027B00AF733E /* LFError.swift */; };
		5C90F6441D7B027B00AF733E /* Location Extensions.swift in Sources */ = {isa = PBXBuildFile; fileRef = 5C90F6101D7B027B00AF733E /* Location Extensions.swift */; };
		5C90F6451D7B027B00AF733E /* Model Additional Types.swift in Sources */ = {isa = PBXBuildFile; fileRef = 5C90F6111D7B027B00AF733E /* Model Additional Types.swift */; };
		5C90F6461D7B027B00AF733E /* Node Queries.swift in Sources */ = {isa = PBXBuildFile; fileRef = 5C90F6121D7B027B00AF733E /* Node Queries.swift */; };
		5C90F6471D7B027B00AF733E /* Node.swift in Sources */ = {isa = PBXBuildFile; fileRef = 5C90F6131D7B027B00AF733E /* Node.swift */; };
		5C90F6481D7B027B00AF733E /* NodeProvider.swift in Sources */ = {isa = PBXBuildFile; fileRef = 5C90F6141D7B027B00AF733E /* NodeProvider.swift */; };
		5C90F6491D7B027B00AF733E /* Offence.swift in Sources */ = {isa = PBXBuildFile; fileRef = 5C90F6151D7B027B00AF733E /* Offence.swift */; };
		5C90F64A1D7B027B00AF733E /* Other Errors.swift in Sources */ = {isa = PBXBuildFile; fileRef = 5C90F6161D7B027B00AF733E /* Other Errors.swift */; };
		5C90F64B1D7B027B00AF733E /* Penalty.swift in Sources */ = {isa = PBXBuildFile; fileRef = 5C90F6171D7B027B00AF733E /* Penalty.swift */; };
		5C90F64C1D7B027B00AF733E /* Punishment.swift in Sources */ = {isa = PBXBuildFile; fileRef = 5C90F6181D7B027B00AF733E /* Punishment.swift */; };
		5C90F64D1D7B027B00AF733E /* DisplayView.swift in Sources */ = {isa = PBXBuildFile; fileRef = 5C90F6191D7B027B00AF733E /* DisplayView.swift */; };
		5C90F64E1D7B027B00AF733E /* Realm.swift in Sources */ = {isa = PBXBuildFile; fileRef = 5C90F61A1D7B027B00AF733E /* Realm.swift */; };
		5C90F64F1D7B027B00AF733E /* Result.swift in Sources */ = {isa = PBXBuildFile; fileRef = 5C90F61B1D7B027B00AF733E /* Result.swift */; };
		5C90F6501D7B027B00AF733E /* SignificanceComparable.swift in Sources */ = {isa = PBXBuildFile; fileRef = 5C90F61C1D7B027B00AF733E /* SignificanceComparable.swift */; };
		5C90F6511D7B027B00AF733E /* SpeedLimitView.swift in Sources */ = {isa = PBXBuildFile; fileRef = 5C90F61D1D7B027B00AF733E /* SpeedLimitView.swift */; };
		5C90F6521D7B027B00AF733E /* UIKit Extensions.swift in Sources */ = {isa = PBXBuildFile; fileRef = 5C90F61E1D7B027B00AF733E /* UIKit Extensions.swift */; };
		5C90F6531D7B027B00AF733E /* URLRequestHandler.swift in Sources */ = {isa = PBXBuildFile; fileRef = 5C90F61F1D7B027B00AF733E /* URLRequestHandler.swift */; };
		5C90F6541D7B027B00AF733E /* USA.swift in Sources */ = {isa = PBXBuildFile; fileRef = 5C90F6201D7B027B00AF733E /* USA.swift */; };
		5C90F6561D7B027B00AF733E /* LaunchScreen.storyboard in Resources */ = {isa = PBXBuildFile; fileRef = 5C90F6251D7B027B00AF733E /* LaunchScreen.storyboard */; };
		5C90F6571D7B027B00AF733E /* Main.storyboard in Resources */ = {isa = PBXBuildFile; fileRef = 5C90F6271D7B027B00AF733E /* Main.storyboard */; };
		5CB896811D64C26600E64B99 /* LiveFinesTests.swift in Sources */ = {isa = PBXBuildFile; fileRef = 5CB896801D64C26600E64B99 /* LiveFinesTests.swift */; };
		5CB8968C1D64C26600E64B99 /* LiveFinesUITests.swift in Sources */ = {isa = PBXBuildFile; fileRef = 5CB8968B1D64C26600E64B99 /* LiveFinesUITests.swift */; };
/* End PBXBuildFile section */

/* Begin PBXContainerItemProxy section */
		5CB8967D1D64C26600E64B99 /* PBXContainerItemProxy */ = {
			isa = PBXContainerItemProxy;
			containerPortal = 5CB896601D64C26600E64B99 /* Project object */;
			proxyType = 1;
			remoteGlobalIDString = 5CB896671D64C26600E64B99;
			remoteInfo = LiveFines;
		};
		5CB896881D64C26600E64B99 /* PBXContainerItemProxy */ = {
			isa = PBXContainerItemProxy;
			containerPortal = 5CB896601D64C26600E64B99 /* Project object */;
			proxyType = 1;
			remoteGlobalIDString = 5CB896671D64C26600E64B99;
			remoteInfo = LiveFines;
		};
/* End PBXContainerItemProxy section */

/* Begin PBXFileReference section */
		5C53D5071D683ABA00CA22BF /* PunishmentTests.swift */ = {isa = PBXFileReference; fileEncoding = 4; lastKnownFileType = sourcecode.swift; path = PunishmentTests.swift; sourceTree = "<group>"; };
		5C53D5091D683AD000CA22BF /* PenaltyTests.swift */ = {isa = PBXFileReference; fileEncoding = 4; lastKnownFileType = sourcecode.swift; path = PenaltyTests.swift; sourceTree = "<group>"; };
		5C53D50B1D683AFA00CA22BF /* OffenceTests.swift */ = {isa = PBXFileReference; fileEncoding = 4; lastKnownFileType = sourcecode.swift; path = OffenceTests.swift; sourceTree = "<group>"; };
		5C53D50E1D683B2C00CA22BF /* Test Mocks.swift */ = {isa = PBXFileReference; fileEncoding = 4; lastKnownFileType = sourcecode.swift; path = "Test Mocks.swift"; sourceTree = "<group>"; };
		5C53D5181D683FAA00CA22BF /* JSONDataProviderTests.swift */ = {isa = PBXFileReference; fileEncoding = 4; lastKnownFileType = sourcecode.swift; path = JSONDataProviderTests.swift; sourceTree = "<group>"; };
		5C53D51A1D68405B00CA22BF /* HereMapsTest.swift */ = {isa = PBXFileReference; fileEncoding = 4; lastKnownFileType = sourcecode.swift; path = HereMapsTest.swift; sourceTree = "<group>"; };
		5C5BD5BB1D7B0655007AED58 /* SpeedometerView.swift */ = {isa = PBXFileReference; fileEncoding = 4; lastKnownFileType = sourcecode.swift; path = SpeedometerView.swift; sourceTree = "<group>"; };
		5C5BD5C21D7B0A1F007AED58 /* PunishmentView.swift */ = {isa = PBXFileReference; fileEncoding = 4; lastKnownFileType = sourcecode.swift; path = PunishmentView.swift; sourceTree = "<group>"; };
		5C5BD5C51D7B178F007AED58 /* OkayView.swift */ = {isa = PBXFileReference; fileEncoding = 4; lastKnownFileType = sourcecode.swift; path = OkayView.swift; sourceTree = "<group>"; };
		5C5BD5CA1D7B1CD3007AED58 /* Constants.swift */ = {isa = PBXFileReference; fileEncoding = 4; lastKnownFileType = sourcecode.swift; path = Constants.swift; sourceTree = "<group>"; };
		5C5BD5CB1D7B1CD3007AED58 /* Localization.swift */ = {isa = PBXFileReference; fileEncoding = 4; lastKnownFileType = sourcecode.swift; path = Localization.swift; sourceTree = "<group>"; };
		5C5BD5D01D7B35D0007AED58 /* de */ = {isa = PBXFileReference; lastKnownFileType = text.plist.strings; name = de; path = de.lproj/Main.strings; sourceTree = "<group>"; };
		5C5BD5D11D7B35D0007AED58 /* de */ = {isa = PBXFileReference; lastKnownFileType = text.plist.strings; name = de; path = de.lproj/LaunchScreen.strings; sourceTree = "<group>"; };
		5C90F5FD1D7B027B00AF733E /* Assets.xcassets */ = {isa = PBXFileReference; lastKnownFileType = folder.assetcatalog; path = Assets.xcassets; sourceTree = "<group>"; };
		5C90F5FF1D7B027B00AF733E /* Alertifiable.swift */ = {isa = PBXFileReference; fileEncoding = 4; lastKnownFileType = sourcecode.swift; path = Alertifiable.swift; sourceTree = "<group>"; };
		5C90F6001D7B027B00AF733E /* APIAccessInformation.swift */ = {isa = PBXFileReference; fileEncoding = 4; lastKnownFileType = sourcecode.swift; path = APIAccessInformation.swift; sourceTree = "<group>"; };
		5C90F6011D7B027B00AF733E /* AppDelegate.swift */ = {isa = PBXFileReference; fileEncoding = 4; lastKnownFileType = sourcecode.swift; path = AppDelegate.swift; sourceTree = "<group>"; };
		5C90F6031D7B027B00AF733E /* Country.swift */ = {isa = PBXFileReference; fileEncoding = 4; lastKnownFileType = sourcecode.swift; path = Country.swift; sourceTree = "<group>"; };
		5C90F6041D7B027B00AF733E /* Database.swift */ = {isa = PBXFileReference; fileEncoding = 4; lastKnownFileType = sourcecode.swift; path = Database.swift; sourceTree = "<group>"; };
		5C90F6051D7B027B00AF733E /* DataProvider.swift */ = {isa = PBXFileReference; fileEncoding = 4; lastKnownFileType = sourcecode.swift; path = DataProvider.swift; sourceTree = "<group>"; };
		5C90F6061D7B027B00AF733E /* DrivingViewController.swift */ = {isa = PBXFileReference; fileEncoding = 4; lastKnownFileType = sourcecode.swift; path = DrivingViewController.swift; sourceTree = "<group>"; };
		5C90F6071D7B027B00AF733E /* Foundation Extensions.swift */ = {isa = PBXFileReference; fileEncoding = 4; lastKnownFileType = sourcecode.swift; path = "Foundation Extensions.swift"; sourceTree = "<group>"; };
		5C90F6081D7B027B00AF733E /* Functions.swift */ = {isa = PBXFileReference; fileEncoding = 4; lastKnownFileType = sourcecode.swift; path = Functions.swift; sourceTree = "<group>"; };
		5C90F6091D7B027B00AF733E /* Germany.swift */ = {isa = PBXFileReference; fileEncoding = 4; lastKnownFileType = sourcecode.swift; path = Germany.swift; sourceTree = "<group>"; };
		5C90F60A1D7B027B00AF733E /* HereAPIAccessInformation.swift */ = {isa = PBXFileReference; fileEncoding = 4; lastKnownFileType = sourcecode.swift; path = HereAPIAccessInformation.swift; sourceTree = "<group>"; };
		5C90F60B1D7B027B00AF733E /* HereJSONDataProvider.swift */ = {isa = PBXFileReference; fileEncoding = 4; lastKnownFileType = sourcecode.swift; path = HereJSONDataProvider.swift; sourceTree = "<group>"; };
		5C90F60C1D7B027B00AF733E /* HereSpeedLimit.swift */ = {isa = PBXFileReference; fileEncoding = 4; lastKnownFileType = sourcecode.swift; path = HereSpeedLimit.swift; sourceTree = "<group>"; };
		5C90F60D1D7B027B00AF733E /* JSONDataProvider.swift */ = {isa = PBXFileReference; fileEncoding = 4; lastKnownFileType = sourcecode.swift; path = JSONDataProvider.swift; sourceTree = "<group>"; };
		5C90F60E1D7B027B00AF733E /* LFError.swift */ = {isa = PBXFileReference; fileEncoding = 4; lastKnownFileType = sourcecode.swift; path = LFError.swift; sourceTree = "<group>"; };
		5C90F6101D7B027B00AF733E /* Location Extensions.swift */ = {isa = PBXFileReference; fileEncoding = 4; lastKnownFileType = sourcecode.swift; path = "Location Extensions.swift"; sourceTree = "<group>"; };
		5C90F6111D7B027B00AF733E /* Model Additional Types.swift */ = {isa = PBXFileReference; fileEncoding = 4; lastKnownFileType = sourcecode.swift; path = "Model Additional Types.swift"; sourceTree = "<group>"; };
		5C90F6121D7B027B00AF733E /* Node Queries.swift */ = {isa = PBXFileReference; fileEncoding = 4; lastKnownFileType = sourcecode.swift; path = "Node Queries.swift"; sourceTree = "<group>"; };
		5C90F6131D7B027B00AF733E /* Node.swift */ = {isa = PBXFileReference; fileEncoding = 4; lastKnownFileType = sourcecode.swift; path = Node.swift; sourceTree = "<group>"; };
		5C90F6141D7B027B00AF733E /* NodeProvider.swift */ = {isa = PBXFileReference; fileEncoding = 4; lastKnownFileType = sourcecode.swift; path = NodeProvider.swift; sourceTree = "<group>"; };
		5C90F6151D7B027B00AF733E /* Offence.swift */ = {isa = PBXFileReference; fileEncoding = 4; lastKnownFileType = sourcecode.swift; path = Offence.swift; sourceTree = "<group>"; };
		5C90F6161D7B027B00AF733E /* Other Errors.swift */ = {isa = PBXFileReference; fileEncoding = 4; lastKnownFileType = sourcecode.swift; path = "Other Errors.swift"; sourceTree = "<group>"; };
		5C90F6171D7B027B00AF733E /* Penalty.swift */ = {isa = PBXFileReference; fileEncoding = 4; lastKnownFileType = sourcecode.swift; path = Penalty.swift; sourceTree = "<group>"; };
		5C90F6181D7B027B00AF733E /* Punishment.swift */ = {isa = PBXFileReference; fileEncoding = 4; lastKnownFileType = sourcecode.swift; path = Punishment.swift; sourceTree = "<group>"; };
		5C90F6191D7B027B00AF733E /* DisplayView.swift */ = {isa = PBXFileReference; fileEncoding = 4; lastKnownFileType = sourcecode.swift; path = DisplayView.swift; sourceTree = "<group>"; };
		5C90F61A1D7B027B00AF733E /* Realm.swift */ = {isa = PBXFileReference; fileEncoding = 4; lastKnownFileType = sourcecode.swift; path = Realm.swift; sourceTree = "<group>"; };
		5C90F61B1D7B027B00AF733E /* Result.swift */ = {isa = PBXFileReference; fileEncoding = 4; lastKnownFileType = sourcecode.swift; path = Result.swift; sourceTree = "<group>"; };
		5C90F61C1D7B027B00AF733E /* SignificanceComparable.swift */ = {isa = PBXFileReference; fileEncoding = 4; lastKnownFileType = sourcecode.swift; path = SignificanceComparable.swift; sourceTree = "<group>"; };
		5C90F61D1D7B027B00AF733E /* SpeedLimitView.swift */ = {isa = PBXFileReference; fileEncoding = 4; lastKnownFileType = sourcecode.swift; path = SpeedLimitView.swift; sourceTree = "<group>"; };
		5C90F61E1D7B027B00AF733E /* UIKit Extensions.swift */ = {isa = PBXFileReference; fileEncoding = 4; lastKnownFileType = sourcecode.swift; path = "UIKit Extensions.swift"; sourceTree = "<group>"; };
		5C90F61F1D7B027B00AF733E /* URLRequestHandler.swift */ = {isa = PBXFileReference; fileEncoding = 4; lastKnownFileType = sourcecode.swift; path = URLRequestHandler.swift; sourceTree = "<group>"; };
		5C90F6201D7B027B00AF733E /* USA.swift */ = {isa = PBXFileReference; fileEncoding = 4; lastKnownFileType = sourcecode.swift; path = USA.swift; sourceTree = "<group>"; };
		5C90F6231D7B027B00AF733E /* Info.plist */ = {isa = PBXFileReference; fileEncoding = 4; lastKnownFileType = text.plist.xml; path = Info.plist; sourceTree = "<group>"; };
		5C90F6261D7B027B00AF733E /* Base */ = {isa = PBXFileReference; lastKnownFileType = file.storyboard; name = Base; path = Base.lproj/LaunchScreen.storyboard; sourceTree = "<group>"; };
		5C90F6281D7B027B00AF733E /* Base */ = {isa = PBXFileReference; lastKnownFileType = file.storyboard; name = Base; path = Base.lproj/Main.storyboard; sourceTree = "<group>"; };
		5CB896681D64C26600E64B99 /* LiveFines.app */ = {isa = PBXFileReference; explicitFileType = wrapper.application; includeInIndex = 0; path = LiveFines.app; sourceTree = BUILT_PRODUCTS_DIR; };
		5CB8967C1D64C26600E64B99 /* LiveFinesTests.xctest */ = {isa = PBXFileReference; explicitFileType = wrapper.cfbundle; includeInIndex = 0; path = LiveFinesTests.xctest; sourceTree = BUILT_PRODUCTS_DIR; };
		5CB896801D64C26600E64B99 /* LiveFinesTests.swift */ = {isa = PBXFileReference; lastKnownFileType = sourcecode.swift; path = LiveFinesTests.swift; sourceTree = "<group>"; };
		5CB896821D64C26600E64B99 /* Info.plist */ = {isa = PBXFileReference; lastKnownFileType = text.plist.xml; path = Info.plist; sourceTree = "<group>"; };
		5CB896871D64C26600E64B99 /* LiveFinesUITests.xctest */ = {isa = PBXFileReference; explicitFileType = wrapper.cfbundle; includeInIndex = 0; path = LiveFinesUITests.xctest; sourceTree = BUILT_PRODUCTS_DIR; };
		5CB8968B1D64C26600E64B99 /* LiveFinesUITests.swift */ = {isa = PBXFileReference; lastKnownFileType = sourcecode.swift; path = LiveFinesUITests.swift; sourceTree = "<group>"; };
		5CB8968D1D64C26600E64B99 /* Info.plist */ = {isa = PBXFileReference; lastKnownFileType = text.plist.xml; path = Info.plist; sourceTree = "<group>"; };
/* End PBXFileReference section */

/* Begin PBXFrameworksBuildPhase section */
		5CB896651D64C26600E64B99 /* Frameworks */ = {
			isa = PBXFrameworksBuildPhase;
			buildActionMask = 2147483647;
			files = (
			);
			runOnlyForDeploymentPostprocessing = 0;
		};
		5CB896791D64C26600E64B99 /* Frameworks */ = {
			isa = PBXFrameworksBuildPhase;
			buildActionMask = 2147483647;
			files = (
			);
			runOnlyForDeploymentPostprocessing = 0;
		};
		5CB896841D64C26600E64B99 /* Frameworks */ = {
			isa = PBXFrameworksBuildPhase;
			buildActionMask = 2147483647;
			files = (
			);
			runOnlyForDeploymentPostprocessing = 0;
		};
/* End PBXFrameworksBuildPhase section */

/* Begin PBXGroup section */
		5C53D5061D683A9600CA22BF /* Model Tests */ = {
			isa = PBXGroup;
			children = (
				5C53D5071D683ABA00CA22BF /* PunishmentTests.swift */,
				5C53D5091D683AD000CA22BF /* PenaltyTests.swift */,
				5C53D50B1D683AFA00CA22BF /* OffenceTests.swift */,
			);
			name = "Model Tests";
			sourceTree = "<group>";
		};
		5C53D50D1D683B0E00CA22BF /* Data Provider Tests */ = {
			isa = PBXGroup;
			children = (
				5C53D50E1D683B2C00CA22BF /* Test Mocks.swift */,
				5C53D5181D683FAA00CA22BF /* JSONDataProviderTests.swift */,
				5C53D51A1D68405B00CA22BF /* HereMapsTest.swift */,
			);
			name = "Data Provider Tests";
			sourceTree = "<group>";
		};
		5C5BD5C41D7B176F007AED58 /* Global Views */ = {
			isa = PBXGroup;
			children = (
				5C90F6191D7B027B00AF733E /* DisplayView.swift */,
			);
			name = "Global Views";
			sourceTree = "<group>";
		};
		5C90F5FB1D7B027B00AF733E /* Sources */ = {
			isa = PBXGroup;
			children = (
				5C90F6241D7B027B00AF733E /* User Interface */,
				5C90F5FE1D7B027B00AF733E /* Code */,
				5C90F6211D7B027B00AF733E /* Constants */,
				5C90F5FC1D7B027B00AF733E /* Assets */,
				5C90F6221D7B027B00AF733E /* Supporting Files */,
			);
			path = Sources;
			sourceTree = "<group>";
		};
		5C90F5FC1D7B027B00AF733E /* Assets */ = {
			isa = PBXGroup;
			children = (
				5C90F5FD1D7B027B00AF733E /* Assets.xcassets */,
			);
			path = Assets;
			sourceTree = "<group>";
		};
		5C90F5FE1D7B027B00AF733E /* Code */ = {
			isa = PBXGroup;
			children = (
				5C90F6011D7B027B00AF733E /* AppDelegate.swift */,
				5C90F65B1D7B02A100AF733E /* Core */,
				5C90F65A1D7B029800AF733E /* View Controllers */,
			);
			path = Code;
			sourceTree = "<group>";
		};
		5C90F6211D7B027B00AF733E /* Constants */ = {
			isa = PBXGroup;
			children = (
				5C5BD5CA1D7B1CD3007AED58 /* Constants.swift */,
				5C5BD5CB1D7B1CD3007AED58 /* Localization.swift */,
			);
			path = Constants;
			sourceTree = "<group>";
		};
		5C90F6221D7B027B00AF733E /* Supporting Files */ = {
			isa = PBXGroup;
			children = (
				5C90F6231D7B027B00AF733E /* Info.plist */,
			);
			path = "Supporting Files";
			sourceTree = "<group>";
		};
		5C90F6241D7B027B00AF733E /* User Interface */ = {
			isa = PBXGroup;
			children = (
				5C90F6271D7B027B00AF733E /* Main.storyboard */,
				5C90F6251D7B027B00AF733E /* LaunchScreen.storyboard */,
			);
			path = "User Interface";
			sourceTree = "<group>";
		};
		5C90F65A1D7B029800AF733E /* View Controllers */ = {
			isa = PBXGroup;
			children = (
				5C90F6061D7B027B00AF733E /* DrivingViewController.swift */,
				5C90F6651D7B03C200AF733E /* Views */,
				5C5BD5C41D7B176F007AED58 /* Global Views */,
			);
			name = "View Controllers";
			sourceTree = "<group>";
		};
		5C90F65B1D7B02A100AF733E /* Core */ = {
			isa = PBXGroup;
			children = (
				5C90F6641D7B03B200AF733E /* Additional Types */,
				5C90F6601D7B031E00AF733E /* Extensions */,
				5C90F65F1D7B030500AF733E /* Helper */,
				5C90F65E1D7B02DA00AF733E /* API Access */,
				5C90F65D1D7B02BC00AF733E /* Errors */,
				5C90F65C1D7B02A900AF733E /* Model */,
			);
			name = Core;
			sourceTree = "<group>";
		};
		5C90F65C1D7B02A900AF733E /* Model */ = {
			isa = PBXGroup;
			children = (
				5C90F6631D7B037D00AF733E /* Realm */,
				5C90F6111D7B027B00AF733E /* Model Additional Types.swift */,
				5C90F6151D7B027B00AF733E /* Offence.swift */,
				5C90F6171D7B027B00AF733E /* Penalty.swift */,
				5C90F6181D7B027B00AF733E /* Punishment.swift */,
				5C90F6031D7B027B00AF733E /* Country.swift */,
				5C90F6611D7B033200AF733E /* Countries */,
			);
			name = Model;
			sourceTree = "<group>";
		};
		5C90F65D1D7B02BC00AF733E /* Errors */ = {
			isa = PBXGroup;
			children = (
				5C90F6161D7B027B00AF733E /* Other Errors.swift */,
				5C90F60E1D7B027B00AF733E /* LFError.swift */,
				5C90F5FF1D7B027B00AF733E /* Alertifiable.swift */,
			);
			name = Errors;
			sourceTree = "<group>";
		};
		5C90F65E1D7B02DA00AF733E /* API Access */ = {
			isa = PBXGroup;
			children = (
				5C90F61F1D7B027B00AF733E /* URLRequestHandler.swift */,
				5C90F6141D7B027B00AF733E /* NodeProvider.swift */,
				5C90F6621D7B034600AF733E /* Here Maps */,
				5C90F6051D7B027B00AF733E /* DataProvider.swift */,
				5C90F60D1D7B027B00AF733E /* JSONDataProvider.swift */,
				5C90F6001D7B027B00AF733E /* APIAccessInformation.swift */,
			);
			name = "API Access";
			sourceTree = "<group>";
		};
		5C90F65F1D7B030500AF733E /* Helper */ = {
			isa = PBXGroup;
			children = (
				5C90F61A1D7B027B00AF733E /* Realm.swift */,
				5C90F6041D7B027B00AF733E /* Database.swift */,
			);
			name = Helper;
			sourceTree = "<group>";
		};
		5C90F6601D7B031E00AF733E /* Extensions */ = {
			isa = PBXGroup;
			children = (
				5C90F61E1D7B027B00AF733E /* UIKit Extensions.swift */,
				5C90F6101D7B027B00AF733E /* Location Extensions.swift */,
				5C90F6071D7B027B00AF733E /* Foundation Extensions.swift */,
			);
			name = Extensions;
			sourceTree = "<group>";
		};
		5C90F6611D7B033200AF733E /* Countries */ = {
			isa = PBXGroup;
			children = (
				5C90F6091D7B027B00AF733E /* Germany.swift */,
				5C90F6201D7B027B00AF733E /* USA.swift */,
			);
			name = Countries;
			sourceTree = "<group>";
		};
		5C90F6621D7B034600AF733E /* Here Maps */ = {
			isa = PBXGroup;
			children = (
				5C90F60A1D7B027B00AF733E /* HereAPIAccessInformation.swift */,
				5C90F60C1D7B027B00AF733E /* HereSpeedLimit.swift */,
				5C90F60B1D7B027B00AF733E /* HereJSONDataProvider.swift */,
			);
			name = "Here Maps";
			sourceTree = "<group>";
		};
		5C90F6631D7B037D00AF733E /* Realm */ = {
			isa = PBXGroup;
			children = (
				5C90F6121D7B027B00AF733E /* Node Queries.swift */,
				5C90F6131D7B027B00AF733E /* Node.swift */,
			);
			name = Realm;
			sourceTree = "<group>";
		};
		5C90F6641D7B03B200AF733E /* Additional Types */ = {
			isa = PBXGroup;
			children = (
				5C90F61B1D7B027B00AF733E /* Result.swift */,
				5C90F61C1D7B027B00AF733E /* SignificanceComparable.swift */,
				5C90F6081D7B027B00AF733E /* Functions.swift */,
			);
			name = "Additional Types";
			sourceTree = "<group>";
		};
		5C90F6651D7B03C200AF733E /* Views */ = {
			isa = PBXGroup;
			children = (
				5C90F61D1D7B027B00AF733E /* SpeedLimitView.swift */,
				5C5BD5C21D7B0A1F007AED58 /* PunishmentView.swift */,
				5C5BD5C51D7B178F007AED58 /* OkayView.swift */,
				5C5BD5BB1D7B0655007AED58 /* SpeedometerView.swift */,
			);
			name = Views;
			sourceTree = "<group>";
		};
		5CB8965F1D64C26600E64B99 = {
			isa = PBXGroup;
			children = (
				5C90F5FB1D7B027B00AF733E /* Sources */,
				5CB8967F1D64C26600E64B99 /* LiveFinesTests */,
				5CB8968A1D64C26600E64B99 /* LiveFinesUITests */,
				5CB896691D64C26600E64B99 /* Products */,
			);
			sourceTree = "<group>";
		};
		5CB896691D64C26600E64B99 /* Products */ = {
			isa = PBXGroup;
			children = (
				5CB896681D64C26600E64B99 /* LiveFines.app */,
				5CB8967C1D64C26600E64B99 /* LiveFinesTests.xctest */,
				5CB896871D64C26600E64B99 /* LiveFinesUITests.xctest */,
			);
			name = Products;
			sourceTree = "<group>";
		};
		5CB8967F1D64C26600E64B99 /* LiveFinesTests */ = {
			isa = PBXGroup;
			children = (
				5C53D50D1D683B0E00CA22BF /* Data Provider Tests */,
				5C53D5061D683A9600CA22BF /* Model Tests */,
				5CB896801D64C26600E64B99 /* LiveFinesTests.swift */,
				5CB896821D64C26600E64B99 /* Info.plist */,
			);
			path = LiveFinesTests;
			sourceTree = "<group>";
		};
		5CB8968A1D64C26600E64B99 /* LiveFinesUITests */ = {
			isa = PBXGroup;
			children = (
				5CB8968B1D64C26600E64B99 /* LiveFinesUITests.swift */,
				5CB8968D1D64C26600E64B99 /* Info.plist */,
			);
			path = LiveFinesUITests;
			sourceTree = "<group>";
		};
/* End PBXGroup section */

/* Begin PBXNativeTarget section */
		5CB896671D64C26600E64B99 /* LiveFines */ = {
			isa = PBXNativeTarget;
			buildConfigurationList = 5CB896901D64C26600E64B99 /* Build configuration list for PBXNativeTarget "LiveFines" */;
			buildPhases = (
				5CB896641D64C26600E64B99 /* Sources */,
				5CB896651D64C26600E64B99 /* Frameworks */,
				5CB896661D64C26600E64B99 /* Resources */,
				5CB896AF1D64D1DC00E64B99 /* ShellScript */,
			);
			buildRules = (
			);
			dependencies = (
			);
			name = LiveFines;
			productName = LiveFines;
			productReference = 5CB896681D64C26600E64B99 /* LiveFines.app */;
			productType = "com.apple.product-type.application";
		};
		5CB8967B1D64C26600E64B99 /* LiveFinesTests */ = {
			isa = PBXNativeTarget;
			buildConfigurationList = 5CB896931D64C26600E64B99 /* Build configuration list for PBXNativeTarget "LiveFinesTests" */;
			buildPhases = (
				5CB896781D64C26600E64B99 /* Sources */,
				5CB896791D64C26600E64B99 /* Frameworks */,
				5CB8967A1D64C26600E64B99 /* Resources */,
				5C53D5171D683D0500CA22BF /* ShellScript */,
			);
			buildRules = (
			);
			dependencies = (
				5CB8967E1D64C26600E64B99 /* PBXTargetDependency */,
			);
			name = LiveFinesTests;
			productName = LiveFinesTests;
			productReference = 5CB8967C1D64C26600E64B99 /* LiveFinesTests.xctest */;
			productType = "com.apple.product-type.bundle.unit-test";
		};
		5CB896861D64C26600E64B99 /* LiveFinesUITests */ = {
			isa = PBXNativeTarget;
			buildConfigurationList = 5CB896961D64C26600E64B99 /* Build configuration list for PBXNativeTarget "LiveFinesUITests" */;
			buildPhases = (
				5CB896831D64C26600E64B99 /* Sources */,
				5CB896841D64C26600E64B99 /* Frameworks */,
				5CB896851D64C26600E64B99 /* Resources */,
			);
			buildRules = (
			);
			dependencies = (
				5CB896891D64C26600E64B99 /* PBXTargetDependency */,
			);
			name = LiveFinesUITests;
			productName = LiveFinesUITests;
			productReference = 5CB896871D64C26600E64B99 /* LiveFinesUITests.xctest */;
			productType = "com.apple.product-type.bundle.ui-testing";
		};
/* End PBXNativeTarget section */

/* Begin PBXProject section */
		5CB896601D64C26600E64B99 /* Project object */ = {
			isa = PBXProject;
			attributes = {
				LastSwiftUpdateCheck = 0800;
				LastUpgradeCheck = 0800;
				ORGANIZATIONNAME = "Florian Pfisterer";
				TargetAttributes = {
					5CB896671D64C26600E64B99 = {
						CreatedOnToolsVersion = 8.0;
						DevelopmentTeam = LY9X4575EQ;
						ProvisioningStyle = Automatic;
					};
					5CB8967B1D64C26600E64B99 = {
						CreatedOnToolsVersion = 8.0;
						DevelopmentTeam = LY9X4575EQ;
						ProvisioningStyle = Automatic;
						TestTargetID = 5CB896671D64C26600E64B99;
					};
					5CB896861D64C26600E64B99 = {
						CreatedOnToolsVersion = 8.0;
						DevelopmentTeam = LY9X4575EQ;
						ProvisioningStyle = Automatic;
						TestTargetID = 5CB896671D64C26600E64B99;
					};
				};
			};
			buildConfigurationList = 5CB896631D64C26600E64B99 /* Build configuration list for PBXProject "LiveFines" */;
			compatibilityVersion = "Xcode 3.2";
			developmentRegion = English;
			hasScannedForEncodings = 0;
			knownRegions = (
				en,
				Base,
			);
			mainGroup = 5CB8965F1D64C26600E64B99;
			productRefGroup = 5CB896691D64C26600E64B99 /* Products */;
			projectDirPath = "";
			projectRoot = "";
			targets = (
				5CB896671D64C26600E64B99 /* LiveFines */,
				5CB8967B1D64C26600E64B99 /* LiveFinesTests */,
				5CB896861D64C26600E64B99 /* LiveFinesUITests */,
			);
		};
/* End PBXProject section */

/* Begin PBXResourcesBuildPhase section */
		5CB896661D64C26600E64B99 /* Resources */ = {
			isa = PBXResourcesBuildPhase;
			buildActionMask = 2147483647;
			files = (
				5C90F6561D7B027B00AF733E /* LaunchScreen.storyboard in Resources */,
				5C90F6321D7B027B00AF733E /* Assets.xcassets in Resources */,
				5C90F6571D7B027B00AF733E /* Main.storyboard in Resources */,
			);
			runOnlyForDeploymentPostprocessing = 0;
		};
		5CB8967A1D64C26600E64B99 /* Resources */ = {
			isa = PBXResourcesBuildPhase;
			buildActionMask = 2147483647;
			files = (
			);
			runOnlyForDeploymentPostprocessing = 0;
		};
		5CB896851D64C26600E64B99 /* Resources */ = {
			isa = PBXResourcesBuildPhase;
			buildActionMask = 2147483647;
			files = (
			);
			runOnlyForDeploymentPostprocessing = 0;
		};
/* End PBXResourcesBuildPhase section */

/* Begin PBXShellScriptBuildPhase section */
		5C53D5171D683D0500CA22BF /* ShellScript */ = {
			isa = PBXShellScriptBuildPhase;
			buildActionMask = 2147483647;
			files = (
			);
			inputPaths = (
				"$(SRCROOT)/Carthage/Build/iOS/Alamofire.framework",
				"$(SRCROOT)/Carthage/Build/iOS/Realm.framework",
				"$(SRCROOT)/Carthage/Build/iOS/RealmSwift.framework",
				"$(SRCROOT)/Carthage/Build/iOS/SwiftyJSON.framework",
			);
			outputPaths = (
			);
			runOnlyForDeploymentPostprocessing = 0;
			shellPath = /bin/sh;
			shellScript = "/usr/local/bin/carthage copy-frameworks";
		};
		5CB896AF1D64D1DC00E64B99 /* ShellScript */ = {
			isa = PBXShellScriptBuildPhase;
			buildActionMask = 2147483647;
			files = (
			);
			inputPaths = (
				"$(SRCROOT)/Carthage/Build/iOS/Realm.framework",
				"$(SRCROOT)/Carthage/Build/iOS/RealmSwift.framework",
				"$(SRCROOT)/Carthage/Build/iOS/SwiftyJSON.framework",
				"$(SRCROOT)/Carthage/Build/iOS/Alamofire.framework",
			);
			outputPaths = (
			);
			runOnlyForDeploymentPostprocessing = 0;
			shellPath = /bin/sh;
			shellScript = "/usr/local/bin/carthage copy-frameworks";
		};
/* End PBXShellScriptBuildPhase section */

/* Begin PBXSourcesBuildPhase section */
		5CB896641D64C26600E64B99 /* Sources */ = {
			isa = PBXSourcesBuildPhase;
			buildActionMask = 2147483647;
			files = (
				5C5BD5CD1D7B1CD3007AED58 /* Localization.swift in Sources */,
				5C90F63A1D7B027B00AF733E /* DrivingViewController.swift in Sources */,
				5C90F6381D7B027B00AF733E /* Database.swift in Sources */,
				5C5BD5BC1D7B0655007AED58 /* SpeedometerView.swift in Sources */,
				5C90F64E1D7B027B00AF733E /* Realm.swift in Sources */,
				5C90F6351D7B027B00AF733E /* AppDelegate.swift in Sources */,
				5C90F63F1D7B027B00AF733E /* HereJSONDataProvider.swift in Sources */,
				5C90F6421D7B027B00AF733E /* LFError.swift in Sources */,
				5C90F6521D7B027B00AF733E /* UIKit Extensions.swift in Sources */,
				5C90F6491D7B027B00AF733E /* Offence.swift in Sources */,
				5C90F6471D7B027B00AF733E /* Node.swift in Sources */,
				5C90F63C1D7B027B00AF733E /* Functions.swift in Sources */,
				5C90F6481D7B027B00AF733E /* NodeProvider.swift in Sources */,
				5C90F6331D7B027B00AF733E /* Alertifiable.swift in Sources */,
				5C90F63B1D7B027B00AF733E /* Foundation Extensions.swift in Sources */,
				5C90F64A1D7B027B00AF733E /* Other Errors.swift in Sources */,
				5C5BD5C61D7B178F007AED58 /* OkayView.swift in Sources */,
				5C90F64B1D7B027B00AF733E /* Penalty.swift in Sources */,
				5C90F6461D7B027B00AF733E /* Node Queries.swift in Sources */,
				5C90F6501D7B027B00AF733E /* SignificanceComparable.swift in Sources */,
				5C90F6391D7B027B00AF733E /* DataProvider.swift in Sources */,
				5C90F6541D7B027B00AF733E /* USA.swift in Sources */,
				5C90F63D1D7B027B00AF733E /* Germany.swift in Sources */,
				5C90F6341D7B027B00AF733E /* APIAccessInformation.swift in Sources */,
				5C90F6451D7B027B00AF733E /* Model Additional Types.swift in Sources */,
				5C90F6371D7B027B00AF733E /* Country.swift in Sources */,
				5C90F64D1D7B027B00AF733E /* DisplayView.swift in Sources */,
				5C90F6441D7B027B00AF733E /* Location Extensions.swift in Sources */,
				5C90F64F1D7B027B00AF733E /* Result.swift in Sources */,
				5C90F63E1D7B027B00AF733E /* HereAPIAccessInformation.swift in Sources */,
				5C90F6401D7B027B00AF733E /* HereSpeedLimit.swift in Sources */,
				5C5BD5C31D7B0A1F007AED58 /* PunishmentView.swift in Sources */,
				5C90F6511D7B027B00AF733E /* SpeedLimitView.swift in Sources */,
				5C90F6531D7B027B00AF733E /* URLRequestHandler.swift in Sources */,
				5C90F64C1D7B027B00AF733E /* Punishment.swift in Sources */,
				5C5BD5CC1D7B1CD3007AED58 /* Constants.swift in Sources */,
				5C90F6411D7B027B00AF733E /* JSONDataProvider.swift in Sources */,
			);
			runOnlyForDeploymentPostprocessing = 0;
		};
		5CB896781D64C26600E64B99 /* Sources */ = {
			isa = PBXSourcesBuildPhase;
			buildActionMask = 2147483647;
			files = (
				5C53D5191D683FAA00CA22BF /* JSONDataProviderTests.swift in Sources */,
				5C53D50F1D683B2C00CA22BF /* Test Mocks.swift in Sources */,
				5C53D50A1D683AD000CA22BF /* PenaltyTests.swift in Sources */,
				5C53D51B1D68405B00CA22BF /* HereMapsTest.swift in Sources */,
				5C53D5081D683ABA00CA22BF /* PunishmentTests.swift in Sources */,
				5C53D50C1D683AFA00CA22BF /* OffenceTests.swift in Sources */,
				5CB896811D64C26600E64B99 /* LiveFinesTests.swift in Sources */,
			);
			runOnlyForDeploymentPostprocessing = 0;
		};
		5CB896831D64C26600E64B99 /* Sources */ = {
			isa = PBXSourcesBuildPhase;
			buildActionMask = 2147483647;
			files = (
				5CB8968C1D64C26600E64B99 /* LiveFinesUITests.swift in Sources */,
			);
			runOnlyForDeploymentPostprocessing = 0;
		};
/* End PBXSourcesBuildPhase section */

/* Begin PBXTargetDependency section */
		5CB8967E1D64C26600E64B99 /* PBXTargetDependency */ = {
			isa = PBXTargetDependency;
			target = 5CB896671D64C26600E64B99 /* LiveFines */;
			targetProxy = 5CB8967D1D64C26600E64B99 /* PBXContainerItemProxy */;
		};
		5CB896891D64C26600E64B99 /* PBXTargetDependency */ = {
			isa = PBXTargetDependency;
			target = 5CB896671D64C26600E64B99 /* LiveFines */;
			targetProxy = 5CB896881D64C26600E64B99 /* PBXContainerItemProxy */;
		};
/* End PBXTargetDependency section */

/* Begin PBXVariantGroup section */
		5C90F6251D7B027B00AF733E /* LaunchScreen.storyboard */ = {
			isa = PBXVariantGroup;
			children = (
				5C90F6261D7B027B00AF733E /* Base */,
				5C5BD5D11D7B35D0007AED58 /* de */,
			);
			name = LaunchScreen.storyboard;
			sourceTree = "<group>";
		};
		5C90F6271D7B027B00AF733E /* Main.storyboard */ = {
			isa = PBXVariantGroup;
			children = (
				5C90F6281D7B027B00AF733E /* Base */,
				5C5BD5D01D7B35D0007AED58 /* de */,
			);
			name = Main.storyboard;
			sourceTree = "<group>";
		};
/* End PBXVariantGroup section */

/* Begin XCBuildConfiguration section */
		5CB8968E1D64C26600E64B99 /* Debug */ = {
			isa = XCBuildConfiguration;
			buildSettings = {
				ALWAYS_SEARCH_USER_PATHS = NO;
				CLANG_ANALYZER_LOCALIZABILITY_NONLOCALIZED = YES;
				CLANG_ANALYZER_NONNULL = YES;
				CLANG_CXX_LANGUAGE_STANDARD = "gnu++0x";
				CLANG_CXX_LIBRARY = "libc++";
				CLANG_ENABLE_MODULES = YES;
				CLANG_ENABLE_OBJC_ARC = YES;
				CLANG_WARN_BOOL_CONVERSION = YES;
				CLANG_WARN_CONSTANT_CONVERSION = YES;
				CLANG_WARN_DIRECT_OBJC_ISA_USAGE = YES_ERROR;
				CLANG_WARN_DOCUMENTATION_COMMENTS = YES;
				CLANG_WARN_EMPTY_BODY = YES;
				CLANG_WARN_ENUM_CONVERSION = YES;
				CLANG_WARN_INFINITE_RECURSION = YES;
				CLANG_WARN_INT_CONVERSION = YES;
				CLANG_WARN_OBJC_ROOT_CLASS = YES_ERROR;
				CLANG_WARN_SUSPICIOUS_MOVES = YES;
				CLANG_WARN_UNREACHABLE_CODE = YES;
				CLANG_WARN__DUPLICATE_METHOD_MATCH = YES;
				"CODE_SIGN_IDENTITY[sdk=iphoneos*]" = "iPhone Developer";
				COPY_PHASE_STRIP = NO;
				DEBUG_INFORMATION_FORMAT = dwarf;
				ENABLE_STRICT_OBJC_MSGSEND = YES;
				ENABLE_TESTABILITY = YES;
				GCC_C_LANGUAGE_STANDARD = gnu99;
				GCC_DYNAMIC_NO_PIC = NO;
				GCC_NO_COMMON_BLOCKS = YES;
				GCC_OPTIMIZATION_LEVEL = 0;
				GCC_PREPROCESSOR_DEFINITIONS = (
					"DEBUG=1",
					"$(inherited)",
				);
				GCC_WARN_64_TO_32_BIT_CONVERSION = YES;
				GCC_WARN_ABOUT_RETURN_TYPE = YES_ERROR;
				GCC_WARN_UNDECLARED_SELECTOR = YES;
				GCC_WARN_UNINITIALIZED_AUTOS = YES_AGGRESSIVE;
				GCC_WARN_UNUSED_FUNCTION = YES;
				GCC_WARN_UNUSED_VARIABLE = YES;
				IPHONEOS_DEPLOYMENT_TARGET = 9.3;
				MTL_ENABLE_DEBUG_INFO = YES;
				ONLY_ACTIVE_ARCH = YES;
				SDKROOT = iphoneos;
				SWIFT_ACTIVE_COMPILATION_CONDITIONS = DEBUG;
				SWIFT_OPTIMIZATION_LEVEL = "-Onone";
			};
			name = Debug;
		};
		5CB8968F1D64C26600E64B99 /* Release */ = {
			isa = XCBuildConfiguration;
			buildSettings = {
				ALWAYS_SEARCH_USER_PATHS = NO;
				CLANG_ANALYZER_LOCALIZABILITY_NONLOCALIZED = YES;
				CLANG_ANALYZER_NONNULL = YES;
				CLANG_CXX_LANGUAGE_STANDARD = "gnu++0x";
				CLANG_CXX_LIBRARY = "libc++";
				CLANG_ENABLE_MODULES = YES;
				CLANG_ENABLE_OBJC_ARC = YES;
				CLANG_WARN_BOOL_CONVERSION = YES;
				CLANG_WARN_CONSTANT_CONVERSION = YES;
				CLANG_WARN_DIRECT_OBJC_ISA_USAGE = YES_ERROR;
				CLANG_WARN_DOCUMENTATION_COMMENTS = YES;
				CLANG_WARN_EMPTY_BODY = YES;
				CLANG_WARN_ENUM_CONVERSION = YES;
				CLANG_WARN_INFINITE_RECURSION = YES;
				CLANG_WARN_INT_CONVERSION = YES;
				CLANG_WARN_OBJC_ROOT_CLASS = YES_ERROR;
				CLANG_WARN_SUSPICIOUS_MOVES = YES;
				CLANG_WARN_UNREACHABLE_CODE = YES;
				CLANG_WARN__DUPLICATE_METHOD_MATCH = YES;
				"CODE_SIGN_IDENTITY[sdk=iphoneos*]" = "iPhone Developer";
				COPY_PHASE_STRIP = NO;
				DEBUG_INFORMATION_FORMAT = "dwarf-with-dsym";
				ENABLE_NS_ASSERTIONS = NO;
				ENABLE_STRICT_OBJC_MSGSEND = YES;
				GCC_C_LANGUAGE_STANDARD = gnu99;
				GCC_NO_COMMON_BLOCKS = YES;
				GCC_WARN_64_TO_32_BIT_CONVERSION = YES;
				GCC_WARN_ABOUT_RETURN_TYPE = YES_ERROR;
				GCC_WARN_UNDECLARED_SELECTOR = YES;
				GCC_WARN_UNINITIALIZED_AUTOS = YES_AGGRESSIVE;
				GCC_WARN_UNUSED_FUNCTION = YES;
				GCC_WARN_UNUSED_VARIABLE = YES;
				IPHONEOS_DEPLOYMENT_TARGET = 9.3;
				MTL_ENABLE_DEBUG_INFO = NO;
				SDKROOT = iphoneos;
				SWIFT_OPTIMIZATION_LEVEL = "-Owholemodule";
				VALIDATE_PRODUCT = YES;
			};
			name = Release;
		};
		5CB896911D64C26600E64B99 /* Debug */ = {
			isa = XCBuildConfiguration;
			buildSettings = {
				ASSETCATALOG_COMPILER_APPICON_NAME = AppIcon;
				DEVELOPMENT_TEAM = LY9X4575EQ;
				FRAMEWORK_SEARCH_PATHS = (
					"$(inherited)",
					"$(PROJECT_DIR)/LiveFines",
					"$(PROJECT_DIR)/Carthage/Build/iOS",
				);
				INFOPLIST_FILE = "$(SRCROOT)/Sources/Supporting Files/Info.plist";
				IPHONEOS_DEPLOYMENT_TARGET = 9.3;
				LD_RUNPATH_SEARCH_PATHS = "$(inherited) @executable_path/Frameworks";
				PRODUCT_BUNDLE_IDENTIFIER = de.florianpfisterer.LiveFines;
				PRODUCT_NAME = "$(TARGET_NAME)";
				SWIFT_VERSION = 3.0;
			};
			name = Debug;
		};
		5CB896921D64C26600E64B99 /* Release */ = {
			isa = XCBuildConfiguration;
			buildSettings = {
				ASSETCATALOG_COMPILER_APPICON_NAME = AppIcon;
				DEVELOPMENT_TEAM = LY9X4575EQ;
				FRAMEWORK_SEARCH_PATHS = (
					"$(inherited)",
					"$(PROJECT_DIR)/LiveFines",
					"$(PROJECT_DIR)/Carthage/Build/iOS",
				);
				INFOPLIST_FILE = "$(SRCROOT)/Sources/Supporting Files/Info.plist";
				IPHONEOS_DEPLOYMENT_TARGET = 9.3;
				LD_RUNPATH_SEARCH_PATHS = "$(inherited) @executable_path/Frameworks";
				PRODUCT_BUNDLE_IDENTIFIER = de.florianpfisterer.LiveFines;
				PRODUCT_NAME = "$(TARGET_NAME)";
				SWIFT_VERSION = 3.0;
			};
			name = Release;
		};
		5CB896941D64C26600E64B99 /* Debug */ = {
			isa = XCBuildConfiguration;
			buildSettings = {
				BUNDLE_LOADER = "$(TEST_HOST)";
				DEVELOPMENT_TEAM = LY9X4575EQ;
				FRAMEWORK_SEARCH_PATHS = (
					"$(inherited)",
					"$(PROJECT_DIR)/Carthage/Build/iOS",
				);
				INFOPLIST_FILE = LiveFinesTests/Info.plist;
				LD_RUNPATH_SEARCH_PATHS = "$(inherited) @executable_path/Frameworks @loader_path/Frameworks";
				PRODUCT_BUNDLE_IDENTIFIER = de.florianpfisterer.LiveFinesTests;
				PRODUCT_NAME = "$(TARGET_NAME)";
				SWIFT_VERSION = 3.0;
				TEST_HOST = "$(BUILT_PRODUCTS_DIR)/LiveFines.app/LiveFines";
			};
			name = Debug;
		};
		5CB896951D64C26600E64B99 /* Release */ = {
			isa = XCBuildConfiguration;
			buildSettings = {
				BUNDLE_LOADER = "$(TEST_HOST)";
				DEVELOPMENT_TEAM = LY9X4575EQ;
				FRAMEWORK_SEARCH_PATHS = (
					"$(inherited)",
					"$(PROJECT_DIR)/Carthage/Build/iOS",
				);
				INFOPLIST_FILE = LiveFinesTests/Info.plist;
				LD_RUNPATH_SEARCH_PATHS = "$(inherited) @executable_path/Frameworks @loader_path/Frameworks";
				PRODUCT_BUNDLE_IDENTIFIER = de.florianpfisterer.LiveFinesTests;
				PRODUCT_NAME = "$(TARGET_NAME)";
				SWIFT_VERSION = 3.0;
				TEST_HOST = "$(BUILT_PRODUCTS_DIR)/LiveFines.app/LiveFines";
			};
			name = Release;
		};
		5CB896971D64C26600E64B99 /* Debug */ = {
			isa = XCBuildConfiguration;
			buildSettings = {
				DEVELOPMENT_TEAM = LY9X4575EQ;
				INFOPLIST_FILE = LiveFinesUITests/Info.plist;
				LD_RUNPATH_SEARCH_PATHS = "$(inherited) @executable_path/Frameworks @loader_path/Frameworks";
				PRODUCT_BUNDLE_IDENTIFIER = de.florianpfisterer.LiveFinesUITests;
				PRODUCT_NAME = "$(TARGET_NAME)";
				SWIFT_VERSION = 3.0;
				TEST_TARGET_NAME = LiveFines;
			};
			name = Debug;
		};
		5CB896981D64C26600E64B99 /* Release */ = {
			isa = XCBuildConfiguration;
			buildSettings = {
				DEVELOPMENT_TEAM = LY9X4575EQ;
				INFOPLIST_FILE = LiveFinesUITests/Info.plist;
				LD_RUNPATH_SEARCH_PATHS = "$(inherited) @executable_path/Frameworks @loader_path/Frameworks";
				PRODUCT_BUNDLE_IDENTIFIER = de.florianpfisterer.LiveFinesUITests;
				PRODUCT_NAME = "$(TARGET_NAME)";
				SWIFT_VERSION = 3.0;
				TEST_TARGET_NAME = LiveFines;
			};
			name = Release;
		};
/* End XCBuildConfiguration section */

/* Begin XCConfigurationList section */
		5CB896631D64C26600E64B99 /* Build configuration list for PBXProject "LiveFines" */ = {
			isa = XCConfigurationList;
			buildConfigurations = (
				5CB8968E1D64C26600E64B99 /* Debug */,
				5CB8968F1D64C26600E64B99 /* Release */,
			);
			defaultConfigurationIsVisible = 0;
			defaultConfigurationName = Release;
		};
		5CB896901D64C26600E64B99 /* Build configuration list for PBXNativeTarget "LiveFines" */ = {
			isa = XCConfigurationList;
			buildConfigurations = (
				5CB896911D64C26600E64B99 /* Debug */,
				5CB896921D64C26600E64B99 /* Release */,
			);
			defaultConfigurationIsVisible = 0;
			defaultConfigurationName = Release;
		};
		5CB896931D64C26600E64B99 /* Build configuration list for PBXNativeTarget "LiveFinesTests" */ = {
			isa = XCConfigurationList;
			buildConfigurations = (
				5CB896941D64C26600E64B99 /* Debug */,
				5CB896951D64C26600E64B99 /* Release */,
			);
			defaultConfigurationIsVisible = 0;
			defaultConfigurationName = Release;
		};
		5CB896961D64C26600E64B99 /* Build configuration list for PBXNativeTarget "LiveFinesUITests" */ = {
			isa = XCConfigurationList;
			buildConfigurations = (
				5CB896971D64C26600E64B99 /* Debug */,
				5CB896981D64C26600E64B99 /* Release */,
			);
			defaultConfigurationIsVisible = 0;
			defaultConfigurationName = Release;
		};
/* End XCConfigurationList section */
	};
	rootObject = 5CB896601D64C26600E64B99 /* Project object */;
}
