// !$*UTF8*$!
{
	archiveVersion = 1;
	classes = {
	};
	objectVersion = 46;
	objects = {

/* Begin PBXBuildFile section */
		5C53D5081D683ABA00CA22BF /* PunishmentTests.swift in Sources */ = {isa = PBXBuildFile; fileRef = 5C53D5071D683ABA00CA22BF /* PunishmentTests.swift */; };
		5C53D50A1D683AD000CA22BF /* PenaltyTests.swift in Sources */ = {isa = PBXBuildFile; fileRef = 5C53D5091D683AD000CA22BF /* PenaltyTests.swift */; };
		5C53D50C1D683AFA00CA22BF /* OffenceTests.swift in Sources */ = {isa = PBXBuildFile; fileRef = 5C53D50B1D683AFA00CA22BF /* OffenceTests.swift */; };
		5C53D50F1D683B2C00CA22BF /* Test Mocks.swift in Sources */ = {isa = PBXBuildFile; fileRef = 5C53D50E1D683B2C00CA22BF /* Test Mocks.swift */; };
		5C53D5121D683B6700CA22BF /* Functions.swift in Sources */ = {isa = PBXBuildFile; fileRef = 5C53D5111D683B6700CA22BF /* Functions.swift */; };
		5C53D5131D683CE900CA22BF /* SwiftyJSON.framework in Frameworks */ = {isa = PBXBuildFile; fileRef = 5CCAC2761D64DD0400DB6CA9 /* SwiftyJSON.framework */; };
		5C53D5141D683CE900CA22BF /* RealmSwift.framework in Frameworks */ = {isa = PBXBuildFile; fileRef = 5CB896B31D64D38B00E64B99 /* RealmSwift.framework */; };
		5C53D5151D683CE900CA22BF /* Realm.framework in Frameworks */ = {isa = PBXBuildFile; fileRef = 5CB896B21D64D38B00E64B99 /* Realm.framework */; };
		5C53D5161D683CE900CA22BF /* Alamofire.framework in Frameworks */ = {isa = PBXBuildFile; fileRef = 5CCAC2751D64DD0400DB6CA9 /* Alamofire.framework */; };
		5C53D5191D683FAA00CA22BF /* JSONDataProviderTests.swift in Sources */ = {isa = PBXBuildFile; fileRef = 5C53D5181D683FAA00CA22BF /* JSONDataProviderTests.swift */; };
		5C53D51B1D68405B00CA22BF /* HereMapsTest.swift in Sources */ = {isa = PBXBuildFile; fileRef = 5C53D51A1D68405B00CA22BF /* HereMapsTest.swift */; };
		5C59DF201D675DD000CD32A9 /* Constants.swift in Sources */ = {isa = PBXBuildFile; fileRef = 5C59DF1F1D675DD000CD32A9 /* Constants.swift */; };
		5CAC40A21D661ECB00076D3E /* JSONDataProvider.swift in Sources */ = {isa = PBXBuildFile; fileRef = 5CAC40A11D661ECB00076D3E /* JSONDataProvider.swift */; };
		5CAC40A41D661EDE00076D3E /* APIAccessInformation.swift in Sources */ = {isa = PBXBuildFile; fileRef = 5CAC40A31D661EDE00076D3E /* APIAccessInformation.swift */; };
		5CAC40A71D661F0300076D3E /* URLRequestHandler.swift in Sources */ = {isa = PBXBuildFile; fileRef = 5CAC40A61D661F0300076D3E /* URLRequestHandler.swift */; };
		5CAC40A91D66208B00076D3E /* LiveFinesProvider.swift in Sources */ = {isa = PBXBuildFile; fileRef = 5CAC40A81D66208B00076D3E /* LiveFinesProvider.swift */; };
		5CAC40AC1D66212C00076D3E /* HereJSONDataProvider.swift in Sources */ = {isa = PBXBuildFile; fileRef = 5CAC40AB1D66212C00076D3E /* HereJSONDataProvider.swift */; };
		5CAC40AF1D66216300076D3E /* HereSpeedLimit.swift in Sources */ = {isa = PBXBuildFile; fileRef = 5CAC40AE1D66216300076D3E /* HereSpeedLimit.swift */; };
		5CAC40B11D66224200076D3E /* Foundation Extensions.swift in Sources */ = {isa = PBXBuildFile; fileRef = 5CAC40B01D66224200076D3E /* Foundation Extensions.swift */; };
		5CAC40B31D6622C900076D3E /* HereAPIAccessInformation.swift in Sources */ = {isa = PBXBuildFile; fileRef = 5CAC40B21D6622C900076D3E /* HereAPIAccessInformation.swift */; };
		5CAC40B51D6622FB00076D3E /* Location Extensions.swift in Sources */ = {isa = PBXBuildFile; fileRef = 5CAC40B41D6622FB00076D3E /* Location Extensions.swift */; };
		5CAC40B91D6625AC00076D3E /* Country.swift in Sources */ = {isa = PBXBuildFile; fileRef = 5CAC40B81D6625AC00076D3E /* Country.swift */; };
		5CAC40BB1D6625C100076D3E /* Model Additional Types.swift in Sources */ = {isa = PBXBuildFile; fileRef = 5CAC40BA1D6625C100076D3E /* Model Additional Types.swift */; };
		5CAC40BD1D6625D600076D3E /* Offence.swift in Sources */ = {isa = PBXBuildFile; fileRef = 5CAC40BC1D6625D600076D3E /* Offence.swift */; };
		5CAC40BF1D66262000076D3E /* Penalty.swift in Sources */ = {isa = PBXBuildFile; fileRef = 5CAC40BE1D66262000076D3E /* Penalty.swift */; };
		5CAC40C11D66263300076D3E /* Punishment.swift in Sources */ = {isa = PBXBuildFile; fileRef = 5CAC40C01D66263300076D3E /* Punishment.swift */; };
		5CAC40C41D6626C600076D3E /* Germany.swift in Sources */ = {isa = PBXBuildFile; fileRef = 5CAC40C31D6626C600076D3E /* Germany.swift */; };
		5CAC40C61D6626E100076D3E /* USA.swift in Sources */ = {isa = PBXBuildFile; fileRef = 5CAC40C51D6626E100076D3E /* USA.swift */; };
		5CAC40C81D662B3F00076D3E /* Realm.swift in Sources */ = {isa = PBXBuildFile; fileRef = 5CAC40C71D662B3F00076D3E /* Realm.swift */; };
		5CB2984A1D64D7ED008DC93F /* Database.swift in Sources */ = {isa = PBXBuildFile; fileRef = 5CB298491D64D7ED008DC93F /* Database.swift */; };
		5CB2984D1D64DA90008DC93F /* LFError.swift in Sources */ = {isa = PBXBuildFile; fileRef = 5CB2984C1D64DA90008DC93F /* LFError.swift */; };
		5CB2984F1D64DAB3008DC93F /* Result.swift in Sources */ = {isa = PBXBuildFile; fileRef = 5CB2984E1D64DAB3008DC93F /* Result.swift */; };
		5CB298521D64DAE5008DC93F /* DataProvider.swift in Sources */ = {isa = PBXBuildFile; fileRef = 5CB298511D64DAE5008DC93F /* DataProvider.swift */; };
		5CB298541D64DBD3008DC93F /* SignificanceComparable.swift in Sources */ = {isa = PBXBuildFile; fileRef = 5CB298531D64DBD3008DC93F /* SignificanceComparable.swift */; };
		5CB8966C1D64C26600E64B99 /* AppDelegate.swift in Sources */ = {isa = PBXBuildFile; fileRef = 5CB8966B1D64C26600E64B99 /* AppDelegate.swift */; };
		5CB8966E1D64C26600E64B99 /* ViewController.swift in Sources */ = {isa = PBXBuildFile; fileRef = 5CB8966D1D64C26600E64B99 /* ViewController.swift */; };
		5CB896711D64C26600E64B99 /* Main.storyboard in Resources */ = {isa = PBXBuildFile; fileRef = 5CB8966F1D64C26600E64B99 /* Main.storyboard */; };
		5CB896731D64C26600E64B99 /* Assets.xcassets in Resources */ = {isa = PBXBuildFile; fileRef = 5CB896721D64C26600E64B99 /* Assets.xcassets */; };
		5CB896761D64C26600E64B99 /* LaunchScreen.storyboard in Resources */ = {isa = PBXBuildFile; fileRef = 5CB896741D64C26600E64B99 /* LaunchScreen.storyboard */; };
		5CB896811D64C26600E64B99 /* LiveFinesTests.swift in Sources */ = {isa = PBXBuildFile; fileRef = 5CB896801D64C26600E64B99 /* LiveFinesTests.swift */; };
		5CB8968C1D64C26600E64B99 /* LiveFinesUITests.swift in Sources */ = {isa = PBXBuildFile; fileRef = 5CB8968B1D64C26600E64B99 /* LiveFinesUITests.swift */; };
		5CB896B11D64D24B00E64B99 /* Node.swift in Sources */ = {isa = PBXBuildFile; fileRef = 5CB896B01D64D24B00E64B99 /* Node.swift */; };
		5CB896B41D64D38B00E64B99 /* Realm.framework in Frameworks */ = {isa = PBXBuildFile; fileRef = 5CB896B21D64D38B00E64B99 /* Realm.framework */; };
		5CB896B51D64D38B00E64B99 /* RealmSwift.framework in Frameworks */ = {isa = PBXBuildFile; fileRef = 5CB896B31D64D38B00E64B99 /* RealmSwift.framework */; };
		5CCAC2771D64DD0400DB6CA9 /* Alamofire.framework in Frameworks */ = {isa = PBXBuildFile; fileRef = 5CCAC2751D64DD0400DB6CA9 /* Alamofire.framework */; };
		5CCAC2781D64DD0400DB6CA9 /* SwiftyJSON.framework in Frameworks */ = {isa = PBXBuildFile; fileRef = 5CCAC2761D64DD0400DB6CA9 /* SwiftyJSON.framework */; };
/* End PBXBuildFile section */

/* Begin PBXContainerItemProxy section */
		5CB8967D1D64C26600E64B99 /* PBXContainerItemProxy */ = {
			isa = PBXContainerItemProxy;
			containerPortal = 5CB896601D64C26600E64B99 /* Project object */;
			proxyType = 1;
			remoteGlobalIDString = 5CB896671D64C26600E64B99;
			remoteInfo = LiveFines;
		};
		5CB896881D64C26600E64B99 /* PBXContainerItemProxy */ = {
			isa = PBXContainerItemProxy;
			containerPortal = 5CB896601D64C26600E64B99 /* Project object */;
			proxyType = 1;
			remoteGlobalIDString = 5CB896671D64C26600E64B99;
			remoteInfo = LiveFines;
		};
/* End PBXContainerItemProxy section */

/* Begin PBXFileReference section */
		5C53D5071D683ABA00CA22BF /* PunishmentTests.swift */ = {isa = PBXFileReference; fileEncoding = 4; lastKnownFileType = sourcecode.swift; path = PunishmentTests.swift; sourceTree = "<group>"; };
		5C53D5091D683AD000CA22BF /* PenaltyTests.swift */ = {isa = PBXFileReference; fileEncoding = 4; lastKnownFileType = sourcecode.swift; path = PenaltyTests.swift; sourceTree = "<group>"; };
		5C53D50B1D683AFA00CA22BF /* OffenceTests.swift */ = {isa = PBXFileReference; fileEncoding = 4; lastKnownFileType = sourcecode.swift; path = OffenceTests.swift; sourceTree = "<group>"; };
		5C53D50E1D683B2C00CA22BF /* Test Mocks.swift */ = {isa = PBXFileReference; fileEncoding = 4; lastKnownFileType = sourcecode.swift; path = "Test Mocks.swift"; sourceTree = "<group>"; };
		5C53D5111D683B6700CA22BF /* Functions.swift */ = {isa = PBXFileReference; fileEncoding = 4; lastKnownFileType = sourcecode.swift; path = Functions.swift; sourceTree = "<group>"; };
		5C53D5181D683FAA00CA22BF /* JSONDataProviderTests.swift */ = {isa = PBXFileReference; fileEncoding = 4; lastKnownFileType = sourcecode.swift; path = JSONDataProviderTests.swift; sourceTree = "<group>"; };
		5C53D51A1D68405B00CA22BF /* HereMapsTest.swift */ = {isa = PBXFileReference; fileEncoding = 4; lastKnownFileType = sourcecode.swift; path = HereMapsTest.swift; sourceTree = "<group>"; };
		5C59DF1F1D675DD000CD32A9 /* Constants.swift */ = {isa = PBXFileReference; fileEncoding = 4; lastKnownFileType = sourcecode.swift; path = Constants.swift; sourceTree = "<group>"; };
		5CAC40A11D661ECB00076D3E /* JSONDataProvider.swift */ = {isa = PBXFileReference; fileEncoding = 4; lastKnownFileType = sourcecode.swift; path = JSONDataProvider.swift; sourceTree = "<group>"; };
		5CAC40A31D661EDE00076D3E /* APIAccessInformation.swift */ = {isa = PBXFileReference; fileEncoding = 4; lastKnownFileType = sourcecode.swift; path = APIAccessInformation.swift; sourceTree = "<group>"; };
		5CAC40A61D661F0300076D3E /* URLRequestHandler.swift */ = {isa = PBXFileReference; fileEncoding = 4; lastKnownFileType = sourcecode.swift; path = URLRequestHandler.swift; sourceTree = "<group>"; };
		5CAC40A81D66208B00076D3E /* LiveFinesProvider.swift */ = {isa = PBXFileReference; fileEncoding = 4; lastKnownFileType = sourcecode.swift; path = LiveFinesProvider.swift; sourceTree = "<group>"; };
		5CAC40AB1D66212C00076D3E /* HereJSONDataProvider.swift */ = {isa = PBXFileReference; fileEncoding = 4; lastKnownFileType = sourcecode.swift; path = HereJSONDataProvider.swift; sourceTree = "<group>"; };
		5CAC40AE1D66216300076D3E /* HereSpeedLimit.swift */ = {isa = PBXFileReference; fileEncoding = 4; lastKnownFileType = sourcecode.swift; path = HereSpeedLimit.swift; sourceTree = "<group>"; };
		5CAC40B01D66224200076D3E /* Foundation Extensions.swift */ = {isa = PBXFileReference; fileEncoding = 4; lastKnownFileType = sourcecode.swift; path = "Foundation Extensions.swift"; sourceTree = "<group>"; };
		5CAC40B21D6622C900076D3E /* HereAPIAccessInformation.swift */ = {isa = PBXFileReference; fileEncoding = 4; lastKnownFileType = sourcecode.swift; path = HereAPIAccessInformation.swift; sourceTree = "<group>"; };
		5CAC40B41D6622FB00076D3E /* Location Extensions.swift */ = {isa = PBXFileReference; fileEncoding = 4; lastKnownFileType = sourcecode.swift; path = "Location Extensions.swift"; sourceTree = "<group>"; };
		5CAC40B81D6625AC00076D3E /* Country.swift */ = {isa = PBXFileReference; fileEncoding = 4; lastKnownFileType = sourcecode.swift; path = Country.swift; sourceTree = "<group>"; };
		5CAC40BA1D6625C100076D3E /* Model Additional Types.swift */ = {isa = PBXFileReference; fileEncoding = 4; lastKnownFileType = sourcecode.swift; path = "Model Additional Types.swift"; sourceTree = "<group>"; };
		5CAC40BC1D6625D600076D3E /* Offence.swift */ = {isa = PBXFileReference; fileEncoding = 4; lastKnownFileType = sourcecode.swift; path = Offence.swift; sourceTree = "<group>"; };
		5CAC40BE1D66262000076D3E /* Penalty.swift */ = {isa = PBXFileReference; fileEncoding = 4; lastKnownFileType = sourcecode.swift; path = Penalty.swift; sourceTree = "<group>"; };
		5CAC40C01D66263300076D3E /* Punishment.swift */ = {isa = PBXFileReference; fileEncoding = 4; lastKnownFileType = sourcecode.swift; path = Punishment.swift; sourceTree = "<group>"; };
		5CAC40C31D6626C600076D3E /* Germany.swift */ = {isa = PBXFileReference; fileEncoding = 4; lastKnownFileType = sourcecode.swift; path = Germany.swift; sourceTree = "<group>"; };
		5CAC40C51D6626E100076D3E /* USA.swift */ = {isa = PBXFileReference; fileEncoding = 4; lastKnownFileType = sourcecode.swift; path = USA.swift; sourceTree = "<group>"; };
		5CAC40C71D662B3F00076D3E /* Realm.swift */ = {isa = PBXFileReference; fileEncoding = 4; lastKnownFileType = sourcecode.swift; path = Realm.swift; sourceTree = "<group>"; };
		5CB298491D64D7ED008DC93F /* Database.swift */ = {isa = PBXFileReference; fileEncoding = 4; lastKnownFileType = sourcecode.swift; path = Database.swift; sourceTree = "<group>"; };
		5CB2984C1D64DA90008DC93F /* LFError.swift */ = {isa = PBXFileReference; fileEncoding = 4; lastKnownFileType = sourcecode.swift; path = LFError.swift; sourceTree = "<group>"; };
		5CB2984E1D64DAB3008DC93F /* Result.swift */ = {isa = PBXFileReference; fileEncoding = 4; lastKnownFileType = sourcecode.swift; path = Result.swift; sourceTree = "<group>"; };
		5CB298511D64DAE5008DC93F /* DataProvider.swift */ = {isa = PBXFileReference; fileEncoding = 4; lastKnownFileType = sourcecode.swift; path = DataProvider.swift; sourceTree = "<group>"; };
		5CB298531D64DBD3008DC93F /* SignificanceComparable.swift */ = {isa = PBXFileReference; fileEncoding = 4; lastKnownFileType = sourcecode.swift; path = SignificanceComparable.swift; sourceTree = "<group>"; };
		5CB896681D64C26600E64B99 /* LiveFines.app */ = {isa = PBXFileReference; explicitFileType = wrapper.application; includeInIndex = 0; path = LiveFines.app; sourceTree = BUILT_PRODUCTS_DIR; };
		5CB8966B1D64C26600E64B99 /* AppDelegate.swift */ = {isa = PBXFileReference; lastKnownFileType = sourcecode.swift; path = AppDelegate.swift; sourceTree = "<group>"; };
		5CB8966D1D64C26600E64B99 /* ViewController.swift */ = {isa = PBXFileReference; lastKnownFileType = sourcecode.swift; path = ViewController.swift; sourceTree = "<group>"; };
		5CB896701D64C26600E64B99 /* Base */ = {isa = PBXFileReference; lastKnownFileType = file.storyboard; name = Base; path = Base.lproj/Main.storyboard; sourceTree = "<group>"; };
		5CB896721D64C26600E64B99 /* Assets.xcassets */ = {isa = PBXFileReference; lastKnownFileType = folder.assetcatalog; path = Assets.xcassets; sourceTree = "<group>"; };
		5CB896751D64C26600E64B99 /* Base */ = {isa = PBXFileReference; lastKnownFileType = file.storyboard; name = Base; path = Base.lproj/LaunchScreen.storyboard; sourceTree = "<group>"; };
		5CB896771D64C26600E64B99 /* Info.plist */ = {isa = PBXFileReference; lastKnownFileType = text.plist.xml; path = Info.plist; sourceTree = "<group>"; };
		5CB8967C1D64C26600E64B99 /* LiveFinesTests.xctest */ = {isa = PBXFileReference; explicitFileType = wrapper.cfbundle; includeInIndex = 0; path = LiveFinesTests.xctest; sourceTree = BUILT_PRODUCTS_DIR; };
		5CB896801D64C26600E64B99 /* LiveFinesTests.swift */ = {isa = PBXFileReference; lastKnownFileType = sourcecode.swift; path = LiveFinesTests.swift; sourceTree = "<group>"; };
		5CB896821D64C26600E64B99 /* Info.plist */ = {isa = PBXFileReference; lastKnownFileType = text.plist.xml; path = Info.plist; sourceTree = "<group>"; };
		5CB896871D64C26600E64B99 /* LiveFinesUITests.xctest */ = {isa = PBXFileReference; explicitFileType = wrapper.cfbundle; includeInIndex = 0; path = LiveFinesUITests.xctest; sourceTree = BUILT_PRODUCTS_DIR; };
		5CB8968B1D64C26600E64B99 /* LiveFinesUITests.swift */ = {isa = PBXFileReference; lastKnownFileType = sourcecode.swift; path = LiveFinesUITests.swift; sourceTree = "<group>"; };
		5CB8968D1D64C26600E64B99 /* Info.plist */ = {isa = PBXFileReference; lastKnownFileType = text.plist.xml; path = Info.plist; sourceTree = "<group>"; };
		5CB8969E1D64C3B400E64B99 /* fr */ = {isa = PBXFileReference; lastKnownFileType = text.plist.strings; name = fr; path = fr.lproj/Main.strings; sourceTree = "<group>"; };
		5CB8969F1D64C3B400E64B99 /* fr */ = {isa = PBXFileReference; lastKnownFileType = text.plist.strings; name = fr; path = fr.lproj/LaunchScreen.strings; sourceTree = "<group>"; };
		5CB896A01D64C3B800E64B99 /* de */ = {isa = PBXFileReference; lastKnownFileType = text.plist.strings; name = de; path = de.lproj/Main.strings; sourceTree = "<group>"; };
		5CB896A11D64C3B800E64B99 /* de */ = {isa = PBXFileReference; lastKnownFileType = text.plist.strings; name = de; path = de.lproj/LaunchScreen.strings; sourceTree = "<group>"; };
		5CB896A21D64C3C600E64B99 /* es */ = {isa = PBXFileReference; lastKnownFileType = text.plist.strings; name = es; path = es.lproj/Main.strings; sourceTree = "<group>"; };
		5CB896A31D64C3C600E64B99 /* es */ = {isa = PBXFileReference; lastKnownFileType = text.plist.strings; name = es; path = es.lproj/LaunchScreen.strings; sourceTree = "<group>"; };
		5CB896B01D64D24B00E64B99 /* Node.swift */ = {isa = PBXFileReference; fileEncoding = 4; lastKnownFileType = sourcecode.swift; path = Node.swift; sourceTree = "<group>"; };
		5CB896B21D64D38B00E64B99 /* Realm.framework */ = {isa = PBXFileReference; lastKnownFileType = wrapper.framework; name = Realm.framework; path = Carthage/Build/iOS/Realm.framework; sourceTree = SOURCE_ROOT; };
		5CB896B31D64D38B00E64B99 /* RealmSwift.framework */ = {isa = PBXFileReference; lastKnownFileType = wrapper.framework; name = RealmSwift.framework; path = Carthage/Build/iOS/RealmSwift.framework; sourceTree = SOURCE_ROOT; };
		5CCAC2751D64DD0400DB6CA9 /* Alamofire.framework */ = {isa = PBXFileReference; lastKnownFileType = wrapper.framework; name = Alamofire.framework; path = Carthage/Build/iOS/Alamofire.framework; sourceTree = SOURCE_ROOT; };
		5CCAC2761D64DD0400DB6CA9 /* SwiftyJSON.framework */ = {isa = PBXFileReference; lastKnownFileType = wrapper.framework; name = SwiftyJSON.framework; path = Carthage/Build/iOS/SwiftyJSON.framework; sourceTree = SOURCE_ROOT; };
/* End PBXFileReference section */

/* Begin PBXFrameworksBuildPhase section */
		5CB896651D64C26600E64B99 /* Frameworks */ = {
			isa = PBXFrameworksBuildPhase;
			buildActionMask = 2147483647;
			files = (
				5CCAC2781D64DD0400DB6CA9 /* SwiftyJSON.framework in Frameworks */,
				5CB896B51D64D38B00E64B99 /* RealmSwift.framework in Frameworks */,
				5CCAC2771D64DD0400DB6CA9 /* Alamofire.framework in Frameworks */,
				5CB896B41D64D38B00E64B99 /* Realm.framework in Frameworks */,
			);
			runOnlyForDeploymentPostprocessing = 0;
		};
		5CB896791D64C26600E64B99 /* Frameworks */ = {
			isa = PBXFrameworksBuildPhase;
			buildActionMask = 2147483647;
			files = (
				5C53D5131D683CE900CA22BF /* SwiftyJSON.framework in Frameworks */,
				5C53D5141D683CE900CA22BF /* RealmSwift.framework in Frameworks */,
				5C53D5151D683CE900CA22BF /* Realm.framework in Frameworks */,
				5C53D5161D683CE900CA22BF /* Alamofire.framework in Frameworks */,
			);
			runOnlyForDeploymentPostprocessing = 0;
		};
		5CB896841D64C26600E64B99 /* Frameworks */ = {
			isa = PBXFrameworksBuildPhase;
			buildActionMask = 2147483647;
			files = (
			);
			runOnlyForDeploymentPostprocessing = 0;
		};
/* End PBXFrameworksBuildPhase section */

/* Begin PBXGroup section */
		5C53D5061D683A9600CA22BF /* Model Tests */ = {
			isa = PBXGroup;
			children = (
				5C53D5071D683ABA00CA22BF /* PunishmentTests.swift */,
				5C53D5091D683AD000CA22BF /* PenaltyTests.swift */,
				5C53D50B1D683AFA00CA22BF /* OffenceTests.swift */,
			);
			name = "Model Tests";
			sourceTree = "<group>";
		};
		5C53D50D1D683B0E00CA22BF /* Data Provider Tests */ = {
			isa = PBXGroup;
			children = (
				5C53D50E1D683B2C00CA22BF /* Test Mocks.swift */,
				5C53D5181D683FAA00CA22BF /* JSONDataProviderTests.swift */,
				5C53D51A1D68405B00CA22BF /* HereMapsTest.swift */,
			);
			name = "Data Provider Tests";
			sourceTree = "<group>";
		};
		5C53D5101D683B5600CA22BF /* Extensions */ = {
			isa = PBXGroup;
			children = (
				5CAC40B01D66224200076D3E /* Foundation Extensions.swift */,
				5CAC40B41D6622FB00076D3E /* Location Extensions.swift */,
			);
			name = Extensions;
			sourceTree = "<group>";
		};
		5CAC40A51D661EF200076D3E /* Networking */ = {
			isa = PBXGroup;
			children = (
				5CAC40A31D661EDE00076D3E /* APIAccessInformation.swift */,
				5CAC40A61D661F0300076D3E /* URLRequestHandler.swift */,
			);
			name = Networking;
			sourceTree = "<group>";
		};
		5CAC40AA1D66211B00076D3E /* APIs */ = {
			isa = PBXGroup;
			children = (
				5CAC40AD1D66215000076D3E /* Here API */,
			);
			name = APIs;
			sourceTree = "<group>";
		};
		5CAC40AD1D66215000076D3E /* Here API */ = {
			isa = PBXGroup;
			children = (
				5CAC40AB1D66212C00076D3E /* HereJSONDataProvider.swift */,
				5CAC40B21D6622C900076D3E /* HereAPIAccessInformation.swift */,
				5CAC40AE1D66216300076D3E /* HereSpeedLimit.swift */,
			);
			name = "Here API";
			sourceTree = "<group>";
		};
		5CAC40B61D66255D00076D3E /* Realm */ = {
			isa = PBXGroup;
			children = (
				5CB896B01D64D24B00E64B99 /* Node.swift */,
			);
			name = Realm;
			sourceTree = "<group>";
		};
		5CAC40C21D6626B800076D3E /* Countries */ = {
			isa = PBXGroup;
			children = (
				5CAC40C31D6626C600076D3E /* Germany.swift */,
				5CAC40C51D6626E100076D3E /* USA.swift */,
			);
			name = Countries;
			sourceTree = "<group>";
		};
		5CB298481D64D7DA008DC93F /* Helper */ = {
			isa = PBXGroup;
			children = (
				5CB298491D64D7ED008DC93F /* Database.swift */,
				5CAC40C71D662B3F00076D3E /* Realm.swift */,
			);
			name = Helper;
			sourceTree = "<group>";
		};
		5CB2984B1D64DA2E008DC93F /* General */ = {
			isa = PBXGroup;
			children = (
				5CAC40AA1D66211B00076D3E /* APIs */,
				5CAC40A51D661EF200076D3E /* Networking */,
				5CB298501D64DAD7008DC93F /* Data Provider */,
			);
			name = General;
			sourceTree = "<group>";
		};
		5CB298501D64DAD7008DC93F /* Data Provider */ = {
			isa = PBXGroup;
			children = (
				5CAC40A81D66208B00076D3E /* LiveFinesProvider.swift */,
				5CB298511D64DAE5008DC93F /* DataProvider.swift */,
				5CAC40A11D661ECB00076D3E /* JSONDataProvider.swift */,
			);
			name = "Data Provider";
			sourceTree = "<group>";
		};
		5CB298551D64DBD8008DC93F /* Protocols */ = {
			isa = PBXGroup;
			children = (
				5CB298531D64DBD3008DC93F /* SignificanceComparable.swift */,
			);
			name = Protocols;
			sourceTree = "<group>";
		};
		5CB8965F1D64C26600E64B99 = {
			isa = PBXGroup;
			children = (
				5CB8966A1D64C26600E64B99 /* LiveFines */,
				5CB8967F1D64C26600E64B99 /* LiveFinesTests */,
				5CB8968A1D64C26600E64B99 /* LiveFinesUITests */,
				5CB896691D64C26600E64B99 /* Products */,
			);
			sourceTree = "<group>";
		};
		5CB896691D64C26600E64B99 /* Products */ = {
			isa = PBXGroup;
			children = (
				5CB896681D64C26600E64B99 /* LiveFines.app */,
				5CB8967C1D64C26600E64B99 /* LiveFinesTests.xctest */,
				5CB896871D64C26600E64B99 /* LiveFinesUITests.xctest */,
			);
			name = Products;
			sourceTree = "<group>";
		};
		5CB8966A1D64C26600E64B99 /* LiveFines */ = {
			isa = PBXGroup;
			children = (
				5CB8969B1D64C38E00E64B99 /* User Interface */,
				5CB8969C1D64C39500E64B99 /* Code */,
				5CB8969A1D64C38400E64B99 /* Resources */,
				5CB8969D1D64C3A300E64B99 /* Supporting Files */,
			);
			path = LiveFines;
			sourceTree = "<group>";
		};
		5CB8967F1D64C26600E64B99 /* LiveFinesTests */ = {
			isa = PBXGroup;
			children = (
				5C53D50D1D683B0E00CA22BF /* Data Provider Tests */,
				5C53D5061D683A9600CA22BF /* Model Tests */,
				5CB896801D64C26600E64B99 /* LiveFinesTests.swift */,
				5CB896821D64C26600E64B99 /* Info.plist */,
			);
			path = LiveFinesTests;
			sourceTree = "<group>";
		};
		5CB8968A1D64C26600E64B99 /* LiveFinesUITests */ = {
			isa = PBXGroup;
			children = (
				5CB8968B1D64C26600E64B99 /* LiveFinesUITests.swift */,
				5CB8968D1D64C26600E64B99 /* Info.plist */,
			);
			path = LiveFinesUITests;
			sourceTree = "<group>";
		};
		5CB8969A1D64C38400E64B99 /* Resources */ = {
			isa = PBXGroup;
			children = (
				5CB896721D64C26600E64B99 /* Assets.xcassets */,
			);
			name = Resources;
			sourceTree = "<group>";
		};
		5CB8969B1D64C38E00E64B99 /* User Interface */ = {
			isa = PBXGroup;
			children = (
				5CB8966F1D64C26600E64B99 /* Main.storyboard */,
				5CB896741D64C26600E64B99 /* LaunchScreen.storyboard */,
			);
			name = "User Interface";
			sourceTree = "<group>";
		};
		5CB8969C1D64C39500E64B99 /* Code */ = {
			isa = PBXGroup;
			children = (
				5CB8966B1D64C26600E64B99 /* AppDelegate.swift */,
				5CB896A41D64C3DC00E64B99 /* View Controllers */,
				5CB896A71D64D06800E64B99 /* Core */,
				5CB896A51D64C3E300E64B99 /* Support */,
			);
			name = Code;
			sourceTree = "<group>";
		};
		5CB8969D1D64C3A300E64B99 /* Supporting Files */ = {
			isa = PBXGroup;
			children = (
				5CB896A91D64D1B500E64B99 /* Frameworks */,
				5CB896771D64C26600E64B99 /* Info.plist */,
			);
			name = "Supporting Files";
			sourceTree = "<group>";
		};
		5CB896A41D64C3DC00E64B99 /* View Controllers */ = {
			isa = PBXGroup;
			children = (
				5CB8966D1D64C26600E64B99 /* ViewController.swift */,
			);
			name = "View Controllers";
			sourceTree = "<group>";
		};
		5CB896A51D64C3E300E64B99 /* Support */ = {
			isa = PBXGroup;
			children = (
				5CB298551D64DBD8008DC93F /* Protocols */,
				5CB896A61D64C3EC00E64B99 /* Structs */,
				5C53D5101D683B5600CA22BF /* Extensions */,
				5C59DF1F1D675DD000CD32A9 /* Constants.swift */,
				5C53D5111D683B6700CA22BF /* Functions.swift */,
			);
			name = Support;
			sourceTree = "<group>";
		};
		5CB896A61D64C3EC00E64B99 /* Structs */ = {
			isa = PBXGroup;
			children = (
				5CB2984C1D64DA90008DC93F /* LFError.swift */,
				5CB2984E1D64DAB3008DC93F /* Result.swift */,
			);
			name = Structs;
			sourceTree = "<group>";
		};
		5CB896A71D64D06800E64B99 /* Core */ = {
			isa = PBXGroup;
			children = (
				5CB2984B1D64DA2E008DC93F /* General */,
				5CB298481D64D7DA008DC93F /* Helper */,
				5CB896A81D64D07100E64B99 /* Model */,
			);
			name = Core;
			sourceTree = "<group>";
		};
		5CB896A81D64D07100E64B99 /* Model */ = {
			isa = PBXGroup;
			children = (
				5CAC40B61D66255D00076D3E /* Realm */,
				5CAC40BA1D6625C100076D3E /* Model Additional Types.swift */,
				5CAC40BC1D6625D600076D3E /* Offence.swift */,
				5CAC40BE1D66262000076D3E /* Penalty.swift */,
				5CAC40C01D66263300076D3E /* Punishment.swift */,
				5CAC40B81D6625AC00076D3E /* Country.swift */,
				5CAC40C21D6626B800076D3E /* Countries */,
			);
			name = Model;
			sourceTree = "<group>";
		};
		5CB896A91D64D1B500E64B99 /* Frameworks */ = {
			isa = PBXGroup;
			children = (
				5CCAC2791D64DD0C00DB6CA9 /* Other */,
				5CB896AA1D64D1BA00E64B99 /* Realm */,
			);
			name = Frameworks;
			sourceTree = "<group>";
		};
		5CB896AA1D64D1BA00E64B99 /* Realm */ = {
			isa = PBXGroup;
			children = (
				5CB896B21D64D38B00E64B99 /* Realm.framework */,
				5CB896B31D64D38B00E64B99 /* RealmSwift.framework */,
			);
			name = Realm;
			sourceTree = "<group>";
		};
		5CCAC2791D64DD0C00DB6CA9 /* Other */ = {
			isa = PBXGroup;
			children = (
				5CCAC2751D64DD0400DB6CA9 /* Alamofire.framework */,
				5CCAC2761D64DD0400DB6CA9 /* SwiftyJSON.framework */,
			);
			name = Other;
			sourceTree = "<group>";
		};
/* End PBXGroup section */

/* Begin PBXNativeTarget section */
		5CB896671D64C26600E64B99 /* LiveFines */ = {
			isa = PBXNativeTarget;
			buildConfigurationList = 5CB896901D64C26600E64B99 /* Build configuration list for PBXNativeTarget "LiveFines" */;
			buildPhases = (
				5CB896641D64C26600E64B99 /* Sources */,
				5CB896651D64C26600E64B99 /* Frameworks */,
				5CB896661D64C26600E64B99 /* Resources */,
				5CB896AF1D64D1DC00E64B99 /* ShellScript */,
				5CB896991D64C29400E64B99 /* ShellScript */,
			);
			buildRules = (
			);
			dependencies = (
			);
			name = LiveFines;
			productName = LiveFines;
			productReference = 5CB896681D64C26600E64B99 /* LiveFines.app */;
			productType = "com.apple.product-type.application";
		};
		5CB8967B1D64C26600E64B99 /* LiveFinesTests */ = {
			isa = PBXNativeTarget;
			buildConfigurationList = 5CB896931D64C26600E64B99 /* Build configuration list for PBXNativeTarget "LiveFinesTests" */;
			buildPhases = (
				5CB896781D64C26600E64B99 /* Sources */,
				5CB896791D64C26600E64B99 /* Frameworks */,
				5CB8967A1D64C26600E64B99 /* Resources */,
				5C53D5171D683D0500CA22BF /* ShellScript */,
			);
			buildRules = (
			);
			dependencies = (
				5CB8967E1D64C26600E64B99 /* PBXTargetDependency */,
			);
			name = LiveFinesTests;
			productName = LiveFinesTests;
			productReference = 5CB8967C1D64C26600E64B99 /* LiveFinesTests.xctest */;
			productType = "com.apple.product-type.bundle.unit-test";
		};
		5CB896861D64C26600E64B99 /* LiveFinesUITests */ = {
			isa = PBXNativeTarget;
			buildConfigurationList = 5CB896961D64C26600E64B99 /* Build configuration list for PBXNativeTarget "LiveFinesUITests" */;
			buildPhases = (
				5CB896831D64C26600E64B99 /* Sources */,
				5CB896841D64C26600E64B99 /* Frameworks */,
				5CB896851D64C26600E64B99 /* Resources */,
			);
			buildRules = (
			);
			dependencies = (
				5CB896891D64C26600E64B99 /* PBXTargetDependency */,
			);
			name = LiveFinesUITests;
			productName = LiveFinesUITests;
			productReference = 5CB896871D64C26600E64B99 /* LiveFinesUITests.xctest */;
			productType = "com.apple.product-type.bundle.ui-testing";
		};
/* End PBXNativeTarget section */

/* Begin PBXProject section */
		5CB896601D64C26600E64B99 /* Project object */ = {
			isa = PBXProject;
			attributes = {
				LastSwiftUpdateCheck = 0800;
				LastUpgradeCheck = 0800;
				ORGANIZATIONNAME = "Florian Pfisterer";
				TargetAttributes = {
					5CB896671D64C26600E64B99 = {
						CreatedOnToolsVersion = 8.0;
						DevelopmentTeam = LY9X4575EQ;
						ProvisioningStyle = Automatic;
					};
					5CB8967B1D64C26600E64B99 = {
						CreatedOnToolsVersion = 8.0;
						DevelopmentTeam = LY9X4575EQ;
						ProvisioningStyle = Automatic;
						TestTargetID = 5CB896671D64C26600E64B99;
					};
					5CB896861D64C26600E64B99 = {
						CreatedOnToolsVersion = 8.0;
						DevelopmentTeam = LY9X4575EQ;
						ProvisioningStyle = Automatic;
						TestTargetID = 5CB896671D64C26600E64B99;
					};
				};
			};
			buildConfigurationList = 5CB896631D64C26600E64B99 /* Build configuration list for PBXProject "LiveFines" */;
			compatibilityVersion = "Xcode 3.2";
			developmentRegion = English;
			hasScannedForEncodings = 0;
			knownRegions = (
				en,
				Base,
			);
			mainGroup = 5CB8965F1D64C26600E64B99;
			productRefGroup = 5CB896691D64C26600E64B99 /* Products */;
			projectDirPath = "";
			projectRoot = "";
			targets = (
				5CB896671D64C26600E64B99 /* LiveFines */,
				5CB8967B1D64C26600E64B99 /* LiveFinesTests */,
				5CB896861D64C26600E64B99 /* LiveFinesUITests */,
			);
		};
/* End PBXProject section */

/* Begin PBXResourcesBuildPhase section */
		5CB896661D64C26600E64B99 /* Resources */ = {
			isa = PBXResourcesBuildPhase;
			buildActionMask = 2147483647;
			files = (
				5CB896761D64C26600E64B99 /* LaunchScreen.storyboard in Resources */,
				5CB896731D64C26600E64B99 /* Assets.xcassets in Resources */,
				5CB896711D64C26600E64B99 /* Main.storyboard in Resources */,
			);
			runOnlyForDeploymentPostprocessing = 0;
		};
		5CB8967A1D64C26600E64B99 /* Resources */ = {
			isa = PBXResourcesBuildPhase;
			buildActionMask = 2147483647;
			files = (
			);
			runOnlyForDeploymentPostprocessing = 0;
		};
		5CB896851D64C26600E64B99 /* Resources */ = {
			isa = PBXResourcesBuildPhase;
			buildActionMask = 2147483647;
			files = (
			);
			runOnlyForDeploymentPostprocessing = 0;
		};
/* End PBXResourcesBuildPhase section */

/* Begin PBXShellScriptBuildPhase section */
		5C53D5171D683D0500CA22BF /* ShellScript */ = {
			isa = PBXShellScriptBuildPhase;
			buildActionMask = 2147483647;
			files = (
			);
			inputPaths = (
				"$(SRCROOT)/Carthage/Build/iOS/Alamofire.framework",
				"$(SRCROOT)/Carthage/Build/iOS/Realm.framework",
				"$(SRCROOT)/Carthage/Build/iOS/RealmSwift.framework",
				"$(SRCROOT)/Carthage/Build/iOS/SwiftyJSON.framework",
			);
			outputPaths = (
			);
			runOnlyForDeploymentPostprocessing = 0;
			shellPath = /bin/sh;
			shellScript = "/usr/local/bin/carthage copy-frameworks";
		};
		5CB896991D64C29400E64B99 /* ShellScript */ = {
			isa = PBXShellScriptBuildPhase;
			buildActionMask = 2147483647;
			files = (
			);
			inputPaths = (
			);
			outputPaths = (
			);
			runOnlyForDeploymentPostprocessing = 0;
			shellPath = /bin/bash;
			shellScript = "#!/bin/bash\nbuildNumber=$(/usr/libexec/PlistBuddy -c \"Print CFBundleVersion\" \"$INFOPLIST_FILE\")\nbuildNumber=$(($buildNumber + 1))\n/usr/libexec/PlistBuddy -c \"Set :CFBundleVersion $buildNumber\" \"$INFOPLIST_FILE\"";
		};
		5CB896AF1D64D1DC00E64B99 /* ShellScript */ = {
			isa = PBXShellScriptBuildPhase;
			buildActionMask = 2147483647;
			files = (
			);
			inputPaths = (
				"$(SRCROOT)/Carthage/Build/iOS/Realm.framework",
				"$(SRCROOT)/Carthage/Build/iOS/RealmSwift.framework",
				"$(SRCROOT)/Carthage/Build/iOS/SwiftyJSON.framework",
				"$(SRCROOT)/Carthage/Build/iOS/Alamofire.framework",
			);
			outputPaths = (
			);
			runOnlyForDeploymentPostprocessing = 0;
			shellPath = /bin/sh;
			shellScript = "/usr/local/bin/carthage copy-frameworks";
		};
/* End PBXShellScriptBuildPhase section */

/* Begin PBXSourcesBuildPhase section */
		5CB896641D64C26600E64B99 /* Sources */ = {
			isa = PBXSourcesBuildPhase;
			buildActionMask = 2147483647;
			files = (
				5CB298541D64DBD3008DC93F /* SignificanceComparable.swift in Sources */,
				5CB2984F1D64DAB3008DC93F /* Result.swift in Sources */,
				5CB896B11D64D24B00E64B99 /* Node.swift in Sources */,
				5CAC40AC1D66212C00076D3E /* HereJSONDataProvider.swift in Sources */,
				5CAC40B11D66224200076D3E /* Foundation Extensions.swift in Sources */,
				5CAC40C81D662B3F00076D3E /* Realm.swift in Sources */,
				5CAC40C61D6626E100076D3E /* USA.swift in Sources */,
				5CB8966E1D64C26600E64B99 /* ViewController.swift in Sources */,
				5CAC40BD1D6625D600076D3E /* Offence.swift in Sources */,
				5CAC40BF1D66262000076D3E /* Penalty.swift in Sources */,
				5CB298521D64DAE5008DC93F /* DataProvider.swift in Sources */,
				5C53D5121D683B6700CA22BF /* Functions.swift in Sources */,
				5CB2984A1D64D7ED008DC93F /* Database.swift in Sources */,
				5CAC40B51D6622FB00076D3E /* Location Extensions.swift in Sources */,
				5CB2984D1D64DA90008DC93F /* LFError.swift in Sources */,
				5CAC40B91D6625AC00076D3E /* Country.swift in Sources */,
				5CAC40A41D661EDE00076D3E /* APIAccessInformation.swift in Sources */,
				5CAC40BB1D6625C100076D3E /* Model Additional Types.swift in Sources */,
				5CAC40A71D661F0300076D3E /* URLRequestHandler.swift in Sources */,
				5CB8966C1D64C26600E64B99 /* AppDelegate.swift in Sources */,
				5CAC40A91D66208B00076D3E /* LiveFinesProvider.swift in Sources */,
				5C59DF201D675DD000CD32A9 /* Constants.swift in Sources */,
				5CAC40C11D66263300076D3E /* Punishment.swift in Sources */,
				5CAC40A21D661ECB00076D3E /* JSONDataProvider.swift in Sources */,
				5CAC40AF1D66216300076D3E /* HereSpeedLimit.swift in Sources */,
				5CAC40C41D6626C600076D3E /* Germany.swift in Sources */,
				5CAC40B31D6622C900076D3E /* HereAPIAccessInformation.swift in Sources */,
			);
			runOnlyForDeploymentPostprocessing = 0;
		};
		5CB896781D64C26600E64B99 /* Sources */ = {
			isa = PBXSourcesBuildPhase;
			buildActionMask = 2147483647;
			files = (
				5C53D5191D683FAA00CA22BF /* JSONDataProviderTests.swift in Sources */,
				5C53D50F1D683B2C00CA22BF /* Test Mocks.swift in Sources */,
				5C53D50A1D683AD000CA22BF /* PenaltyTests.swift in Sources */,
				5C53D51B1D68405B00CA22BF /* HereMapsTest.swift in Sources */,
				5C53D5081D683ABA00CA22BF /* PunishmentTests.swift in Sources */,
				5C53D50C1D683AFA00CA22BF /* OffenceTests.swift in Sources */,
				5CB896811D64C26600E64B99 /* LiveFinesTests.swift in Sources */,
			);
			runOnlyForDeploymentPostprocessing = 0;
		};
		5CB896831D64C26600E64B99 /* Sources */ = {
			isa = PBXSourcesBuildPhase;
			buildActionMask = 2147483647;
			files = (
				5CB8968C1D64C26600E64B99 /* LiveFinesUITests.swift in Sources */,
			);
			runOnlyForDeploymentPostprocessing = 0;
		};
/* End PBXSourcesBuildPhase section */

/* Begin PBXTargetDependency section */
		5CB8967E1D64C26600E64B99 /* PBXTargetDependency */ = {
			isa = PBXTargetDependency;
			target = 5CB896671D64C26600E64B99 /* LiveFines */;
			targetProxy = 5CB8967D1D64C26600E64B99 /* PBXContainerItemProxy */;
		};
		5CB896891D64C26600E64B99 /* PBXTargetDependency */ = {
			isa = PBXTargetDependency;
			target = 5CB896671D64C26600E64B99 /* LiveFines */;
			targetProxy = 5CB896881D64C26600E64B99 /* PBXContainerItemProxy */;
		};
/* End PBXTargetDependency section */

/* Begin PBXVariantGroup section */
		5CB8966F1D64C26600E64B99 /* Main.storyboard */ = {
			isa = PBXVariantGroup;
			children = (
				5CB896701D64C26600E64B99 /* Base */,
				5CB8969E1D64C3B400E64B99 /* fr */,
				5CB896A01D64C3B800E64B99 /* de */,
				5CB896A21D64C3C600E64B99 /* es */,
			);
			name = Main.storyboard;
			sourceTree = "<group>";
		};
		5CB896741D64C26600E64B99 /* LaunchScreen.storyboard */ = {
			isa = PBXVariantGroup;
			children = (
				5CB896751D64C26600E64B99 /* Base */,
				5CB8969F1D64C3B400E64B99 /* fr */,
				5CB896A11D64C3B800E64B99 /* de */,
				5CB896A31D64C3C600E64B99 /* es */,
			);
			name = LaunchScreen.storyboard;
			sourceTree = "<group>";
		};
/* End PBXVariantGroup section */

/* Begin XCBuildConfiguration section */
		5CB8968E1D64C26600E64B99 /* Debug */ = {
			isa = XCBuildConfiguration;
			buildSettings = {
				ALWAYS_SEARCH_USER_PATHS = NO;
				CLANG_ANALYZER_LOCALIZABILITY_NONLOCALIZED = YES;
				CLANG_ANALYZER_NONNULL = YES;
				CLANG_CXX_LANGUAGE_STANDARD = "gnu++0x";
				CLANG_CXX_LIBRARY = "libc++";
				CLANG_ENABLE_MODULES = YES;
				CLANG_ENABLE_OBJC_ARC = YES;
				CLANG_WARN_BOOL_CONVERSION = YES;
				CLANG_WARN_CONSTANT_CONVERSION = YES;
				CLANG_WARN_DIRECT_OBJC_ISA_USAGE = YES_ERROR;
				CLANG_WARN_DOCUMENTATION_COMMENTS = YES;
				CLANG_WARN_EMPTY_BODY = YES;
				CLANG_WARN_ENUM_CONVERSION = YES;
				CLANG_WARN_INFINITE_RECURSION = YES;
				CLANG_WARN_INT_CONVERSION = YES;
				CLANG_WARN_OBJC_ROOT_CLASS = YES_ERROR;
				CLANG_WARN_SUSPICIOUS_MOVES = YES;
				CLANG_WARN_UNREACHABLE_CODE = YES;
				CLANG_WARN__DUPLICATE_METHOD_MATCH = YES;
				"CODE_SIGN_IDENTITY[sdk=iphoneos*]" = "iPhone Developer";
				COPY_PHASE_STRIP = NO;
				DEBUG_INFORMATION_FORMAT = dwarf;
				ENABLE_STRICT_OBJC_MSGSEND = YES;
				ENABLE_TESTABILITY = YES;
				GCC_C_LANGUAGE_STANDARD = gnu99;
				GCC_DYNAMIC_NO_PIC = NO;
				GCC_NO_COMMON_BLOCKS = YES;
				GCC_OPTIMIZATION_LEVEL = 0;
				GCC_PREPROCESSOR_DEFINITIONS = (
					"DEBUG=1",
					"$(inherited)",
				);
				GCC_WARN_64_TO_32_BIT_CONVERSION = YES;
				GCC_WARN_ABOUT_RETURN_TYPE = YES_ERROR;
				GCC_WARN_UNDECLARED_SELECTOR = YES;
				GCC_WARN_UNINITIALIZED_AUTOS = YES_AGGRESSIVE;
				GCC_WARN_UNUSED_FUNCTION = YES;
				GCC_WARN_UNUSED_VARIABLE = YES;
				IPHONEOS_DEPLOYMENT_TARGET = 9.3;
				MTL_ENABLE_DEBUG_INFO = YES;
				ONLY_ACTIVE_ARCH = YES;
				SDKROOT = iphoneos;
				SWIFT_ACTIVE_COMPILATION_CONDITIONS = DEBUG;
				SWIFT_OPTIMIZATION_LEVEL = "-Onone";
			};
			name = Debug;
		};
		5CB8968F1D64C26600E64B99 /* Release */ = {
			isa = XCBuildConfiguration;
			buildSettings = {
				ALWAYS_SEARCH_USER_PATHS = NO;
				CLANG_ANALYZER_LOCALIZABILITY_NONLOCALIZED = YES;
				CLANG_ANALYZER_NONNULL = YES;
				CLANG_CXX_LANGUAGE_STANDARD = "gnu++0x";
				CLANG_CXX_LIBRARY = "libc++";
				CLANG_ENABLE_MODULES = YES;
				CLANG_ENABLE_OBJC_ARC = YES;
				CLANG_WARN_BOOL_CONVERSION = YES;
				CLANG_WARN_CONSTANT_CONVERSION = YES;
				CLANG_WARN_DIRECT_OBJC_ISA_USAGE = YES_ERROR;
				CLANG_WARN_DOCUMENTATION_COMMENTS = YES;
				CLANG_WARN_EMPTY_BODY = YES;
				CLANG_WARN_ENUM_CONVERSION = YES;
				CLANG_WARN_INFINITE_RECURSION = YES;
				CLANG_WARN_INT_CONVERSION = YES;
				CLANG_WARN_OBJC_ROOT_CLASS = YES_ERROR;
				CLANG_WARN_SUSPICIOUS_MOVES = YES;
				CLANG_WARN_UNREACHABLE_CODE = YES;
				CLANG_WARN__DUPLICATE_METHOD_MATCH = YES;
				"CODE_SIGN_IDENTITY[sdk=iphoneos*]" = "iPhone Developer";
				COPY_PHASE_STRIP = NO;
				DEBUG_INFORMATION_FORMAT = "dwarf-with-dsym";
				ENABLE_NS_ASSERTIONS = NO;
				ENABLE_STRICT_OBJC_MSGSEND = YES;
				GCC_C_LANGUAGE_STANDARD = gnu99;
				GCC_NO_COMMON_BLOCKS = YES;
				GCC_WARN_64_TO_32_BIT_CONVERSION = YES;
				GCC_WARN_ABOUT_RETURN_TYPE = YES_ERROR;
				GCC_WARN_UNDECLARED_SELECTOR = YES;
				GCC_WARN_UNINITIALIZED_AUTOS = YES_AGGRESSIVE;
				GCC_WARN_UNUSED_FUNCTION = YES;
				GCC_WARN_UNUSED_VARIABLE = YES;
				IPHONEOS_DEPLOYMENT_TARGET = 9.3;
				MTL_ENABLE_DEBUG_INFO = NO;
				SDKROOT = iphoneos;
				SWIFT_OPTIMIZATION_LEVEL = "-Owholemodule";
				VALIDATE_PRODUCT = YES;
			};
			name = Release;
		};
		5CB896911D64C26600E64B99 /* Debug */ = {
			isa = XCBuildConfiguration;
			buildSettings = {
				ASSETCATALOG_COMPILER_APPICON_NAME = AppIcon;
				DEVELOPMENT_TEAM = LY9X4575EQ;
				FRAMEWORK_SEARCH_PATHS = (
					"$(inherited)",
					"$(PROJECT_DIR)/LiveFines",
					"$(PROJECT_DIR)/Carthage/Build/iOS",
				);
				INFOPLIST_FILE = LiveFines/Info.plist;
				IPHONEOS_DEPLOYMENT_TARGET = 9.3;
				LD_RUNPATH_SEARCH_PATHS = "$(inherited) @executable_path/Frameworks";
				PRODUCT_BUNDLE_IDENTIFIER = de.florianpfisterer.LiveFines;
				PRODUCT_NAME = "$(TARGET_NAME)";
				SWIFT_VERSION = 3.0;
			};
			name = Debug;
		};
		5CB896921D64C26600E64B99 /* Release */ = {
			isa = XCBuildConfiguration;
			buildSettings = {
				ASSETCATALOG_COMPILER_APPICON_NAME = AppIcon;
				DEVELOPMENT_TEAM = LY9X4575EQ;
				FRAMEWORK_SEARCH_PATHS = (
					"$(inherited)",
					"$(PROJECT_DIR)/LiveFines",
					"$(PROJECT_DIR)/Carthage/Build/iOS",
				);
				INFOPLIST_FILE = LiveFines/Info.plist;
				IPHONEOS_DEPLOYMENT_TARGET = 9.3;
				LD_RUNPATH_SEARCH_PATHS = "$(inherited) @executable_path/Frameworks";
				PRODUCT_BUNDLE_IDENTIFIER = de.florianpfisterer.LiveFines;
				PRODUCT_NAME = "$(TARGET_NAME)";
				SWIFT_VERSION = 3.0;
			};
			name = Release;
		};
		5CB896941D64C26600E64B99 /* Debug */ = {
			isa = XCBuildConfiguration;
			buildSettings = {
				BUNDLE_LOADER = "$(TEST_HOST)";
				DEVELOPMENT_TEAM = LY9X4575EQ;
				FRAMEWORK_SEARCH_PATHS = (
					"$(inherited)",
					"$(PROJECT_DIR)/Carthage/Build/iOS",
				);
				INFOPLIST_FILE = LiveFinesTests/Info.plist;
				LD_RUNPATH_SEARCH_PATHS = "$(inherited) @executable_path/Frameworks @loader_path/Frameworks";
				PRODUCT_BUNDLE_IDENTIFIER = de.florianpfisterer.LiveFinesTests;
				PRODUCT_NAME = "$(TARGET_NAME)";
				SWIFT_VERSION = 3.0;
				TEST_HOST = "$(BUILT_PRODUCTS_DIR)/LiveFines.app/LiveFines";
			};
			name = Debug;
		};
		5CB896951D64C26600E64B99 /* Release */ = {
			isa = XCBuildConfiguration;
			buildSettings = {
				BUNDLE_LOADER = "$(TEST_HOST)";
				DEVELOPMENT_TEAM = LY9X4575EQ;
				FRAMEWORK_SEARCH_PATHS = (
					"$(inherited)",
					"$(PROJECT_DIR)/Carthage/Build/iOS",
				);
				INFOPLIST_FILE = LiveFinesTests/Info.plist;
				LD_RUNPATH_SEARCH_PATHS = "$(inherited) @executable_path/Frameworks @loader_path/Frameworks";
				PRODUCT_BUNDLE_IDENTIFIER = de.florianpfisterer.LiveFinesTests;
				PRODUCT_NAME = "$(TARGET_NAME)";
				SWIFT_VERSION = 3.0;
				TEST_HOST = "$(BUILT_PRODUCTS_DIR)/LiveFines.app/LiveFines";
			};
			name = Release;
		};
		5CB896971D64C26600E64B99 /* Debug */ = {
			isa = XCBuildConfiguration;
			buildSettings = {
				DEVELOPMENT_TEAM = LY9X4575EQ;
				INFOPLIST_FILE = LiveFinesUITests/Info.plist;
				LD_RUNPATH_SEARCH_PATHS = "$(inherited) @executable_path/Frameworks @loader_path/Frameworks";
				PRODUCT_BUNDLE_IDENTIFIER = de.florianpfisterer.LiveFinesUITests;
				PRODUCT_NAME = "$(TARGET_NAME)";
				SWIFT_VERSION = 3.0;
				TEST_TARGET_NAME = LiveFines;
			};
			name = Debug;
		};
		5CB896981D64C26600E64B99 /* Release */ = {
			isa = XCBuildConfiguration;
			buildSettings = {
				DEVELOPMENT_TEAM = LY9X4575EQ;
				INFOPLIST_FILE = LiveFinesUITests/Info.plist;
				LD_RUNPATH_SEARCH_PATHS = "$(inherited) @executable_path/Frameworks @loader_path/Frameworks";
				PRODUCT_BUNDLE_IDENTIFIER = de.florianpfisterer.LiveFinesUITests;
				PRODUCT_NAME = "$(TARGET_NAME)";
				SWIFT_VERSION = 3.0;
				TEST_TARGET_NAME = LiveFines;
			};
			name = Release;
		};
/* End XCBuildConfiguration section */

/* Begin XCConfigurationList section */
		5CB896631D64C26600E64B99 /* Build configuration list for PBXProject "LiveFines" */ = {
			isa = XCConfigurationList;
			buildConfigurations = (
				5CB8968E1D64C26600E64B99 /* Debug */,
				5CB8968F1D64C26600E64B99 /* Release */,
			);
			defaultConfigurationIsVisible = 0;
			defaultConfigurationName = Release;
		};
		5CB896901D64C26600E64B99 /* Build configuration list for PBXNativeTarget "LiveFines" */ = {
			isa = XCConfigurationList;
			buildConfigurations = (
				5CB896911D64C26600E64B99 /* Debug */,
				5CB896921D64C26600E64B99 /* Release */,
			);
			defaultConfigurationIsVisible = 0;
			defaultConfigurationName = Release;
		};
		5CB896931D64C26600E64B99 /* Build configuration list for PBXNativeTarget "LiveFinesTests" */ = {
			isa = XCConfigurationList;
			buildConfigurations = (
				5CB896941D64C26600E64B99 /* Debug */,
				5CB896951D64C26600E64B99 /* Release */,
			);
			defaultConfigurationIsVisible = 0;
			defaultConfigurationName = Release;
		};
		5CB896961D64C26600E64B99 /* Build configuration list for PBXNativeTarget "LiveFinesUITests" */ = {
			isa = XCConfigurationList;
			buildConfigurations = (
				5CB896971D64C26600E64B99 /* Debug */,
				5CB896981D64C26600E64B99 /* Release */,
			);
			defaultConfigurationIsVisible = 0;
			defaultConfigurationName = Release;
		};
/* End XCConfigurationList section */
	};
	rootObject = 5CB896601D64C26600E64B99 /* Project object */;
}
